// !$*UTF8*$!
{
	archiveVersion = 1;
	classes = {
	};
	objectVersion = 46;
	objects = {

/* Begin PBXBuildFile section */
		1AC6FB21180E996B004C840B /* libcocos2d Mac.a in Frameworks */ = {isa = PBXBuildFile; fileRef = 1AC6FAF9180E9839004C840B /* libcocos2d Mac.a */; };
		1AC6FB30180E99EB004C840B /* libcocos2d iOS.a in Frameworks */ = {isa = PBXBuildFile; fileRef = 1AC6FB07180E9839004C840B /* libcocos2d iOS.a */; };
		1D60589F0D05DD5A006BFB54 /* Foundation.framework in Frameworks */ = {isa = PBXBuildFile; fileRef = 1D30AB110D05D00D00671497 /* Foundation.framework */; };
		1DF5F4E00D08C38300B7A737 /* UIKit.framework in Frameworks */ = {isa = PBXBuildFile; fileRef = 1DF5F4DF0D08C38300B7A737 /* UIKit.framework */; };
		288765A50DF7441C002DB57D /* CoreGraphics.framework in Frameworks */ = {isa = PBXBuildFile; fileRef = 288765A40DF7441C002DB57D /* CoreGraphics.framework */; };
		294D0D641D0D56D500F7F5D4 /* CoreText.framework in Frameworks */ = {isa = PBXBuildFile; fileRef = 294D0D631D0D56D500F7F5D4 /* CoreText.framework */; };
		3EACC98F19EE6D4300EB3C5E /* res in Resources */ = {isa = PBXBuildFile; fileRef = 3EACC98E19EE6D4300EB3C5E /* res */; };
		3EACC99019EE6D4300EB3C5E /* res in Resources */ = {isa = PBXBuildFile; fileRef = 3EACC98E19EE6D4300EB3C5E /* res */; };
		46880B8819C43A87006E1F66 /* AppDelegate.cpp in Sources */ = {isa = PBXBuildFile; fileRef = 46880B8419C43A87006E1F66 /* AppDelegate.cpp */; };
		46880B8919C43A87006E1F66 /* AppDelegate.cpp in Sources */ = {isa = PBXBuildFile; fileRef = 46880B8419C43A87006E1F66 /* AppDelegate.cpp */; };
		503AE0F817EB97AB00D1A890 /* Icon.icns in Resources */ = {isa = PBXBuildFile; fileRef = 503AE0F617EB97AB00D1A890 /* Icon.icns */; };
		503AE10017EB989F00D1A890 /* AppController.mm in Sources */ = {isa = PBXBuildFile; fileRef = 503AE0FB17EB989F00D1A890 /* AppController.mm */; };
		503AE10117EB989F00D1A890 /* main.m in Sources */ = {isa = PBXBuildFile; fileRef = 503AE0FC17EB989F00D1A890 /* main.m */; };
		503AE10217EB989F00D1A890 /* RootViewController.mm in Sources */ = {isa = PBXBuildFile; fileRef = 503AE0FF17EB989F00D1A890 /* RootViewController.mm */; };
		503AE10517EB98FF00D1A890 /* main.cpp in Sources */ = {isa = PBXBuildFile; fileRef = 503AE10317EB98FF00D1A890 /* main.cpp */; };
		503AE11B17EB9C5A00D1A890 /* IOKit.framework in Frameworks */ = {isa = PBXBuildFile; fileRef = 503AE11A17EB9C5A00D1A890 /* IOKit.framework */; };
		5087E76317EB910900C73F5D /* Foundation.framework in Frameworks */ = {isa = PBXBuildFile; fileRef = 1D30AB110D05D00D00671497 /* Foundation.framework */; };
		5087E76717EB910900C73F5D /* libz.dylib in Frameworks */ = {isa = PBXBuildFile; fileRef = BF170DB412928DE900B8313A /* libz.dylib */; };
		5087E76817EB910900C73F5D /* QuartzCore.framework in Frameworks */ = {isa = PBXBuildFile; fileRef = BF1C47EA1293683800B63C5D /* QuartzCore.framework */; };
		5087E76917EB910900C73F5D /* OpenAL.framework in Frameworks */ = {isa = PBXBuildFile; fileRef = D44C620B132DFF330009C878 /* OpenAL.framework */; };
		5087E76A17EB910900C73F5D /* AVFoundation.framework in Frameworks */ = {isa = PBXBuildFile; fileRef = D44C620D132DFF430009C878 /* AVFoundation.framework */; };
		5087E76B17EB910900C73F5D /* AudioToolbox.framework in Frameworks */ = {isa = PBXBuildFile; fileRef = D44C620F132DFF4E0009C878 /* AudioToolbox.framework */; };
		5087E77D17EB970100C73F5D /* Default-568h@2x.png in Resources */ = {isa = PBXBuildFile; fileRef = 5087E77217EB970100C73F5D /* Default-568h@2x.png */; };
		5087E77E17EB970100C73F5D /* Default.png in Resources */ = {isa = PBXBuildFile; fileRef = 5087E77317EB970100C73F5D /* Default.png */; };
		5087E77F17EB970100C73F5D /* Default@2x.png in Resources */ = {isa = PBXBuildFile; fileRef = 5087E77417EB970100C73F5D /* Default@2x.png */; };
		5087E78017EB970100C73F5D /* Icon-114.png in Resources */ = {isa = PBXBuildFile; fileRef = 5087E77517EB970100C73F5D /* Icon-114.png */; };
		5087E78117EB970100C73F5D /* Icon-120.png in Resources */ = {isa = PBXBuildFile; fileRef = 5087E77617EB970100C73F5D /* Icon-120.png */; };
		5087E78217EB970100C73F5D /* Icon-144.png in Resources */ = {isa = PBXBuildFile; fileRef = 5087E77717EB970100C73F5D /* Icon-144.png */; };
		5087E78317EB970100C73F5D /* Icon-152.png in Resources */ = {isa = PBXBuildFile; fileRef = 5087E77817EB970100C73F5D /* Icon-152.png */; };
		5087E78417EB970100C73F5D /* Icon-57.png in Resources */ = {isa = PBXBuildFile; fileRef = 5087E77917EB970100C73F5D /* Icon-57.png */; };
		5087E78517EB970100C73F5D /* Icon-72.png in Resources */ = {isa = PBXBuildFile; fileRef = 5087E77A17EB970100C73F5D /* Icon-72.png */; };
		5087E78617EB970100C73F5D /* Icon-76.png in Resources */ = {isa = PBXBuildFile; fileRef = 5087E77B17EB970100C73F5D /* Icon-76.png */; };
		5087E78917EB974C00C73F5D /* AppKit.framework in Frameworks */ = {isa = PBXBuildFile; fileRef = 5087E78817EB974C00C73F5D /* AppKit.framework */; };
		5087E78B17EB975400C73F5D /* OpenGL.framework in Frameworks */ = {isa = PBXBuildFile; fileRef = 5087E78A17EB975400C73F5D /* OpenGL.framework */; };
		50EF629617ECD46A001EB2F8 /* Icon-40.png in Resources */ = {isa = PBXBuildFile; fileRef = 50EF629217ECD46A001EB2F8 /* Icon-40.png */; };
		50EF629717ECD46A001EB2F8 /* Icon-58.png in Resources */ = {isa = PBXBuildFile; fileRef = 50EF629317ECD46A001EB2F8 /* Icon-58.png */; };
		50EF629817ECD46A001EB2F8 /* Icon-80.png in Resources */ = {isa = PBXBuildFile; fileRef = 50EF629417ECD46A001EB2F8 /* Icon-80.png */; };
		50EF629917ECD46A001EB2F8 /* Icon-100.png in Resources */ = {isa = PBXBuildFile; fileRef = 50EF629517ECD46A001EB2F8 /* Icon-100.png */; };
		50EF62A217ECD613001EB2F8 /* Icon-29.png in Resources */ = {isa = PBXBuildFile; fileRef = 50EF62A017ECD613001EB2F8 /* Icon-29.png */; };
		50EF62A317ECD613001EB2F8 /* Icon-50.png in Resources */ = {isa = PBXBuildFile; fileRef = 50EF62A117ECD613001EB2F8 /* Icon-50.png */; };
		521A8E6419F0C34300D177D7 /* Default-667h@2x.png in Resources */ = {isa = PBXBuildFile; fileRef = 521A8E6219F0C34300D177D7 /* Default-667h@2x.png */; };
		521A8E6519F0C34300D177D7 /* Default-736h@3x.png in Resources */ = {isa = PBXBuildFile; fileRef = 521A8E6319F0C34300D177D7 /* Default-736h@3x.png */; };
		521A8EA919F11F5000D177D7 /* fonts in Resources */ = {isa = PBXBuildFile; fileRef = 521A8EA819F11F5000D177D7 /* fonts */; };
		521A8EAA19F11F5000D177D7 /* fonts in Resources */ = {isa = PBXBuildFile; fileRef = 521A8EA819F11F5000D177D7 /* fonts */; };
		52B47A471A53D09C004E4C60 /* Security.framework in Frameworks */ = {isa = PBXBuildFile; fileRef = 52B47A461A53D09B004E4C60 /* Security.framework */; };
		8262943E1AAF051F00CB7CF7 /* Security.framework in Frameworks */ = {isa = PBXBuildFile; fileRef = 8262943D1AAF051F00CB7CF7 /* Security.framework */; };
		BE37A61E1E4A378200AEB847 /* GameCenterManager.m in Sources */ = {isa = PBXBuildFile; fileRef = BE37A5DD1E4A378100AEB847 /* GameCenterManager.m */; };
		BE37A61F1E4A378200AEB847 /* IAPHelper.m in Sources */ = {isa = PBXBuildFile; fileRef = BE37A5E01E4A378100AEB847 /* IAPHelper.m */; };
		BE37A6201E4A378200AEB847 /* IAPManager.mm in Sources */ = {isa = PBXBuildFile; fileRef = BE37A5E21E4A378100AEB847 /* IAPManager.mm */; };
		BE37A6221E4A378200AEB847 /* MyAdMob.m in Sources */ = {isa = PBXBuildFile; fileRef = BE37A5E71E4A378100AEB847 /* MyAdMob.m */; };
		BE37A6231E4A378200AEB847 /* MyIAd.m in Sources */ = {isa = PBXBuildFile; fileRef = BE37A5EA1E4A378100AEB847 /* MyIAd.m */; };
		BE37A6241E4A378200AEB847 /* myiad_button_close.png in Resources */ = {isa = PBXBuildFile; fileRef = BE37A5EB1E4A378100AEB847 /* myiad_button_close.png */; };
		BE37A6251E4A378200AEB847 /* MyAds.mm in Sources */ = {isa = PBXBuildFile; fileRef = BE37A5EE1E4A378100AEB847 /* MyAds.mm */; };
		BE37A6261E4A378200AEB847 /* README in Resources */ = {isa = PBXBuildFile; fileRef = BE37A5EF1E4A378200AEB847 /* README */; };
		BE37A6271E4A378200AEB847 /* MyGameCenter-apple.mm in Sources */ = {isa = PBXBuildFile; fileRef = BE37A5F11E4A378200AEB847 /* MyGameCenter-apple.mm */; };
		BE37A6281E4A378200AEB847 /* MyInAppPurchase-apple.mm in Sources */ = {isa = PBXBuildFile; fileRef = BE37A5F31E4A378200AEB847 /* MyInAppPurchase-apple.mm */; };
		BE37A6291E4A378200AEB847 /* Utils-apple.mm in Sources */ = {isa = PBXBuildFile; fileRef = BE37A5F51E4A378200AEB847 /* Utils-apple.mm */; };
		BE37A62A1E4A378200AEB847 /* B2DebugDrawLayer.cpp in Sources */ = {isa = PBXBuildFile; fileRef = BE37A5F81E4A378200AEB847 /* B2DebugDrawLayer.cpp */; };
		BE37A62B1E4A378200AEB847 /* GLES-Render.cpp in Sources */ = {isa = PBXBuildFile; fileRef = BE37A5FA1E4A378200AEB847 /* GLES-Render.cpp */; };
		BE37A62C1E4A378200AEB847 /* CCShake.cpp in Sources */ = {isa = PBXBuildFile; fileRef = BE37A5FD1E4A378200AEB847 /* CCShake.cpp */; };
		BE37A62D1E4A378200AEB847 /* MenuItemFrameName.cpp in Sources */ = {isa = PBXBuildFile; fileRef = BE37A6001E4A378200AEB847 /* MenuItemFrameName.cpp */; };
		BE37A62E1E4A378200AEB847 /* MyScrollLayer.cpp in Sources */ = {isa = PBXBuildFile; fileRef = BE37A6031E4A378200AEB847 /* MyScrollLayer.cpp */; };
		BE37A62F1E4A378200AEB847 /* MyAds.cpp in Sources */ = {isa = PBXBuildFile; fileRef = BE37A6061E4A378200AEB847 /* MyAds.cpp */; };
		BE37A6301E4A378200AEB847 /* MyGameCenter.cpp in Sources */ = {isa = PBXBuildFile; fileRef = BE37A60A1E4A378200AEB847 /* MyGameCenter.cpp */; };
		BE37A6311E4A378200AEB847 /* MyInAppPurchase.cpp in Sources */ = {isa = PBXBuildFile; fileRef = BE37A60D1E4A378200AEB847 /* MyInAppPurchase.cpp */; };
		BE37A6321E4A378200AEB847 /* MyUserDefaults.cpp in Sources */ = {isa = PBXBuildFile; fileRef = BE37A6111E4A378200AEB847 /* MyUserDefaults.cpp */; };
		BE37A6331E4A378200AEB847 /* ScreenSettings.cpp in Sources */ = {isa = PBXBuildFile; fileRef = BE37A6141E4A378200AEB847 /* ScreenSettings.cpp */; };
		BE37A6341E4A378200AEB847 /* SoundSystem.cpp in Sources */ = {isa = PBXBuildFile; fileRef = BE37A6171E4A378200AEB847 /* SoundSystem.cpp */; };
		BE37A6351E4A378200AEB847 /* Rijndael.cpp in Sources */ = {isa = PBXBuildFile; fileRef = BE37A61A1E4A378200AEB847 /* Rijndael.cpp */; };
		BE37A6361E4A378200AEB847 /* Utils.cpp in Sources */ = {isa = PBXBuildFile; fileRef = BE37A61C1E4A378200AEB847 /* Utils.cpp */; };
		BE37A6AB1E4A383A00AEB847 /* LangSystem.cpp in Sources */ = {isa = PBXBuildFile; fileRef = BE37A6A91E4A383A00AEB847 /* LangSystem.cpp */; };
		BE750F151E4E175A0066EB7A /* LoadingScene.cpp in Sources */ = {isa = PBXBuildFile; fileRef = BE750F131E4E175A0066EB7A /* LoadingScene.cpp */; };
		BE750F191E4E17630066EB7A /* GameScene.cpp in Sources */ = {isa = PBXBuildFile; fileRef = BE750F171E4E17630066EB7A /* GameScene.cpp */; };
		BE750F1A1E4E17EF0066EB7A /* GoogleMobileAds.framework in Frameworks */ = {isa = PBXBuildFile; fileRef = BE37A5E51E4A378100AEB847 /* GoogleMobileAds.framework */; };
		BE750F1C1E4E17FB0066EB7A /* SystemConfiguration.framework in Frameworks */ = {isa = PBXBuildFile; fileRef = BE750F1B1E4E17FB0066EB7A /* SystemConfiguration.framework */; };
		BE750F1E1E4E18000066EB7A /* MessageUI.framework in Frameworks */ = {isa = PBXBuildFile; fileRef = BE750F1D1E4E18000066EB7A /* MessageUI.framework */; };
		BE750F201E4E180A0066EB7A /* MediaPlayer.framework in Frameworks */ = {isa = PBXBuildFile; fileRef = BE750F1F1E4E180A0066EB7A /* MediaPlayer.framework */; };
		BE750F231E4E18100066EB7A /* EventKit.framework in Frameworks */ = {isa = PBXBuildFile; fileRef = BE750F211E4E18100066EB7A /* EventKit.framework */; };
		BE750F241E4E18100066EB7A /* EventKitUI.framework in Frameworks */ = {isa = PBXBuildFile; fileRef = BE750F221E4E18100066EB7A /* EventKitUI.framework */; };
		BE750F261E4E181C0066EB7A /* CoreTelephony.framework in Frameworks */ = {isa = PBXBuildFile; fileRef = BE750F251E4E181C0066EB7A /* CoreTelephony.framework */; };
		BE750F281E4E18210066EB7A /* CoreMedia.framework in Frameworks */ = {isa = PBXBuildFile; fileRef = BE750F271E4E18210066EB7A /* CoreMedia.framework */; };
		BE750F2A1E4E182B0066EB7A /* AdSupport.framework in Frameworks */ = {isa = PBXBuildFile; fileRef = BE750F291E4E182B0066EB7A /* AdSupport.framework */; };
		BE750F2C1E4E18350066EB7A /* SafariServices.framework in Frameworks */ = {isa = PBXBuildFile; fileRef = BE750F2B1E4E18350066EB7A /* SafariServices.framework */; };
		BE750F2E1E4E183A0066EB7A /* CoreBluetooth.framework in Frameworks */ = {isa = PBXBuildFile; fileRef = BE750F2D1E4E183A0066EB7A /* CoreBluetooth.framework */; };
		BE750F301E4E18470066EB7A /* GLKit.framework in Frameworks */ = {isa = PBXBuildFile; fileRef = BE750F2F1E4E18470066EB7A /* GLKit.framework */; };
		BE750F321E4E184D0066EB7A /* CoreVideo.framework in Frameworks */ = {isa = PBXBuildFile; fileRef = BE750F311E4E184D0066EB7A /* CoreVideo.framework */; };
		BE750F341E4E18560066EB7A /* GameKit.framework in Frameworks */ = {isa = PBXBuildFile; fileRef = BE750F331E4E18560066EB7A /* GameKit.framework */; };
		BE750F361E4E185C0066EB7A /* iAd.framework in Frameworks */ = {isa = PBXBuildFile; fileRef = BE750F351E4E185C0066EB7A /* iAd.framework */; };
		BE750F381E4E18660066EB7A /* StoreKit.framework in Frameworks */ = {isa = PBXBuildFile; fileRef = BE750F371E4E18660066EB7A /* StoreKit.framework */; };
		BE750F3A1E4E186C0066EB7A /* MobileCoreServices.framework in Frameworks */ = {isa = PBXBuildFile; fileRef = BE750F391E4E186C0066EB7A /* MobileCoreServices.framework */; };
		BE750F3C1E4E18720066EB7A /* CFNetwork.framework in Frameworks */ = {isa = PBXBuildFile; fileRef = BE750F3B1E4E18710066EB7A /* CFNetwork.framework */; };
		BE750F3F1E4E1C5F0066EB7A /* MyDirector.cpp in Sources */ = {isa = PBXBuildFile; fileRef = BE750F3D1E4E1C5F0066EB7A /* MyDirector.cpp */; };
		BEE1674B1E50DA5000F8A113 /* GameMenu.cpp in Sources */ = {isa = PBXBuildFile; fileRef = BEE167491E50DA5000F8A113 /* GameMenu.cpp */; };
		BEE1674E1E50DA5C00F8A113 /* Background.cpp in Sources */ = {isa = PBXBuildFile; fileRef = BEE1674C1E50DA5C00F8A113 /* Background.cpp */; };
		BEE167511E50DDA400F8A113 /* SettingsLayer.cpp in Sources */ = {isa = PBXBuildFile; fileRef = BEE1674F1E50DDA400F8A113 /* SettingsLayer.cpp */; };
		BF171245129291EC00B8313A /* OpenGLES.framework in Frameworks */ = {isa = PBXBuildFile; fileRef = BF170DB012928DE900B8313A /* OpenGLES.framework */; };
		BF1712471292920000B8313A /* libz.dylib in Frameworks */ = {isa = PBXBuildFile; fileRef = BF170DB412928DE900B8313A /* libz.dylib */; };
		BF1C47F01293687400B63C5D /* QuartzCore.framework in Frameworks */ = {isa = PBXBuildFile; fileRef = BF1C47EA1293683800B63C5D /* QuartzCore.framework */; };
		D44C620C132DFF330009C878 /* OpenAL.framework in Frameworks */ = {isa = PBXBuildFile; fileRef = D44C620B132DFF330009C878 /* OpenAL.framework */; };
		D44C620E132DFF430009C878 /* AVFoundation.framework in Frameworks */ = {isa = PBXBuildFile; fileRef = D44C620D132DFF430009C878 /* AVFoundation.framework */; };
		D44C6210132DFF4E0009C878 /* AudioToolbox.framework in Frameworks */ = {isa = PBXBuildFile; fileRef = D44C620F132DFF4E0009C878 /* AudioToolbox.framework */; };
		D6B0611B1803AB670077942B /* CoreMotion.framework in Frameworks */ = {isa = PBXBuildFile; fileRef = D6B0611A1803AB670077942B /* CoreMotion.framework */; };
		ED545A7C1B68A1F400C3958E /* libiconv.dylib in Frameworks */ = {isa = PBXBuildFile; fileRef = ED545A7B1B68A1F400C3958E /* libiconv.dylib */; };
		ED545A7E1B68A1FA00C3958E /* libiconv.dylib in Frameworks */ = {isa = PBXBuildFile; fileRef = ED545A7D1B68A1FA00C3958E /* libiconv.dylib */; };
/* End PBXBuildFile section */

/* Begin PBXContainerItemProxy section */
		1AC6FAF8180E9839004C840B /* PBXContainerItemProxy */ = {
			isa = PBXContainerItemProxy;
			containerPortal = 1AC6FAE5180E9839004C840B /* cocos2d_libs.xcodeproj */;
			proxyType = 2;
			remoteGlobalIDString = 1551A33F158F2AB200E66CFE;
			remoteInfo = "cocos2dx Mac";
		};
		1AC6FB06180E9839004C840B /* PBXContainerItemProxy */ = {
			isa = PBXContainerItemProxy;
			containerPortal = 1AC6FAE5180E9839004C840B /* cocos2d_libs.xcodeproj */;
			proxyType = 2;
			remoteGlobalIDString = A07A4D641783777C0073F6A7;
			remoteInfo = "cocos2dx iOS";
		};
		1AC6FB15180E9959004C840B /* PBXContainerItemProxy */ = {
			isa = PBXContainerItemProxy;
			containerPortal = 1AC6FAE5180E9839004C840B /* cocos2d_libs.xcodeproj */;
			proxyType = 1;
			remoteGlobalIDString = 1551A33E158F2AB200E66CFE;
			remoteInfo = "cocos2dx Mac";
		};
		1AC6FB24180E99E1004C840B /* PBXContainerItemProxy */ = {
			isa = PBXContainerItemProxy;
			containerPortal = 1AC6FAE5180E9839004C840B /* cocos2d_libs.xcodeproj */;
			proxyType = 1;
			remoteGlobalIDString = A07A4C241783777C0073F6A7;
			remoteInfo = "cocos2dx iOS";
		};
		BE37A5CC1E4A349C00AEB847 /* PBXContainerItemProxy */ = {
			isa = PBXContainerItemProxy;
			containerPortal = 1AC6FAE5180E9839004C840B /* cocos2d_libs.xcodeproj */;
			proxyType = 2;
			remoteGlobalIDString = 507B40FD1C31BDD30067B53E;
			remoteInfo = "libcocos2d tvOS";
		};
/* End PBXContainerItemProxy section */

/* Begin PBXFileReference section */
		1AC6FAE5180E9839004C840B /* cocos2d_libs.xcodeproj */ = {isa = PBXFileReference; lastKnownFileType = "wrapper.pb-project"; name = cocos2d_libs.xcodeproj; path = ../cocos2d/build/cocos2d_libs.xcodeproj; sourceTree = "<group>"; };
		1ACB3243164770DE00914215 /* libcurl.a */ = {isa = PBXFileReference; lastKnownFileType = archive.ar; name = libcurl.a; path = ../../cocos2dx/platform/third_party/ios/libraries/libcurl.a; sourceTree = "<group>"; };
		1D30AB110D05D00D00671497 /* Foundation.framework */ = {isa = PBXFileReference; lastKnownFileType = wrapper.framework; name = Foundation.framework; path = System/Library/Frameworks/Foundation.framework; sourceTree = SDKROOT; };
		1D6058910D05DD3D006BFB54 /* FindTheDot-mobile.app */ = {isa = PBXFileReference; explicitFileType = wrapper.application; includeInIndex = 0; path = "FindTheDot-mobile.app"; sourceTree = BUILT_PRODUCTS_DIR; };
		1DF5F4DF0D08C38300B7A737 /* UIKit.framework */ = {isa = PBXFileReference; lastKnownFileType = wrapper.framework; name = UIKit.framework; path = System/Library/Frameworks/UIKit.framework; sourceTree = SDKROOT; };
		288765A40DF7441C002DB57D /* CoreGraphics.framework */ = {isa = PBXFileReference; lastKnownFileType = wrapper.framework; name = CoreGraphics.framework; path = System/Library/Frameworks/CoreGraphics.framework; sourceTree = SDKROOT; };
		294D0D631D0D56D500F7F5D4 /* CoreText.framework */ = {isa = PBXFileReference; lastKnownFileType = wrapper.framework; name = CoreText.framework; path = Platforms/iPhoneOS.platform/Developer/SDKs/iPhoneOS9.3.sdk/System/Library/Frameworks/CoreText.framework; sourceTree = DEVELOPER_DIR; };
		3EACC98E19EE6D4300EB3C5E /* res */ = {isa = PBXFileReference; lastKnownFileType = folder; path = res; sourceTree = "<group>"; };
		46880B8419C43A87006E1F66 /* AppDelegate.cpp */ = {isa = PBXFileReference; fileEncoding = 4; lastKnownFileType = sourcecode.cpp.cpp; path = AppDelegate.cpp; sourceTree = "<group>"; };
		46880B8519C43A87006E1F66 /* AppDelegate.h */ = {isa = PBXFileReference; fileEncoding = 4; lastKnownFileType = sourcecode.c.h; path = AppDelegate.h; sourceTree = "<group>"; };
		503AE0F617EB97AB00D1A890 /* Icon.icns */ = {isa = PBXFileReference; lastKnownFileType = image.icns; path = Icon.icns; sourceTree = "<group>"; };
		503AE0F717EB97AB00D1A890 /* Info.plist */ = {isa = PBXFileReference; fileEncoding = 4; lastKnownFileType = text.plist.xml; path = Info.plist; sourceTree = "<group>"; };
		503AE0FA17EB989F00D1A890 /* AppController.h */ = {isa = PBXFileReference; fileEncoding = 4; lastKnownFileType = sourcecode.c.h; name = AppController.h; path = ios/AppController.h; sourceTree = SOURCE_ROOT; };
		503AE0FB17EB989F00D1A890 /* AppController.mm */ = {isa = PBXFileReference; fileEncoding = 4; lastKnownFileType = sourcecode.cpp.objcpp; name = AppController.mm; path = ios/AppController.mm; sourceTree = SOURCE_ROOT; };
		503AE0FC17EB989F00D1A890 /* main.m */ = {isa = PBXFileReference; fileEncoding = 4; lastKnownFileType = sourcecode.c.objc; name = main.m; path = ios/main.m; sourceTree = SOURCE_ROOT; };
		503AE0FD17EB989F00D1A890 /* Prefix.pch */ = {isa = PBXFileReference; fileEncoding = 4; lastKnownFileType = sourcecode.c.h; name = Prefix.pch; path = ios/Prefix.pch; sourceTree = SOURCE_ROOT; };
		503AE0FE17EB989F00D1A890 /* RootViewController.h */ = {isa = PBXFileReference; fileEncoding = 4; lastKnownFileType = sourcecode.c.h; name = RootViewController.h; path = ios/RootViewController.h; sourceTree = SOURCE_ROOT; };
		503AE0FF17EB989F00D1A890 /* RootViewController.mm */ = {isa = PBXFileReference; fileEncoding = 4; lastKnownFileType = sourcecode.cpp.objcpp; name = RootViewController.mm; path = ios/RootViewController.mm; sourceTree = SOURCE_ROOT; };
		503AE10317EB98FF00D1A890 /* main.cpp */ = {isa = PBXFileReference; fileEncoding = 4; lastKnownFileType = sourcecode.cpp.cpp; name = main.cpp; path = mac/main.cpp; sourceTree = "<group>"; };
		503AE10417EB98FF00D1A890 /* Prefix.pch */ = {isa = PBXFileReference; fileEncoding = 4; lastKnownFileType = sourcecode.c.h; name = Prefix.pch; path = mac/Prefix.pch; sourceTree = "<group>"; };
		503AE11117EB99EE00D1A890 /* libcurl.dylib */ = {isa = PBXFileReference; lastKnownFileType = "compiled.mach-o.dylib"; name = libcurl.dylib; path = usr/lib/libcurl.dylib; sourceTree = SDKROOT; };
		503AE11A17EB9C5A00D1A890 /* IOKit.framework */ = {isa = PBXFileReference; lastKnownFileType = wrapper.framework; name = IOKit.framework; path = System/Library/Frameworks/IOKit.framework; sourceTree = SDKROOT; };
		5087E76F17EB910900C73F5D /* FindTheDot-desktop.app */ = {isa = PBXFileReference; explicitFileType = wrapper.application; includeInIndex = 0; path = "FindTheDot-desktop.app"; sourceTree = BUILT_PRODUCTS_DIR; };
		5087E77217EB970100C73F5D /* Default-568h@2x.png */ = {isa = PBXFileReference; lastKnownFileType = image.png; path = "Default-568h@2x.png"; sourceTree = "<group>"; };
		5087E77317EB970100C73F5D /* Default.png */ = {isa = PBXFileReference; lastKnownFileType = image.png; path = Default.png; sourceTree = "<group>"; };
		5087E77417EB970100C73F5D /* Default@2x.png */ = {isa = PBXFileReference; lastKnownFileType = image.png; path = "Default@2x.png"; sourceTree = "<group>"; };
		5087E77517EB970100C73F5D /* Icon-114.png */ = {isa = PBXFileReference; lastKnownFileType = image.png; path = "Icon-114.png"; sourceTree = "<group>"; };
		5087E77617EB970100C73F5D /* Icon-120.png */ = {isa = PBXFileReference; lastKnownFileType = image.png; path = "Icon-120.png"; sourceTree = "<group>"; };
		5087E77717EB970100C73F5D /* Icon-144.png */ = {isa = PBXFileReference; lastKnownFileType = image.png; path = "Icon-144.png"; sourceTree = "<group>"; };
		5087E77817EB970100C73F5D /* Icon-152.png */ = {isa = PBXFileReference; lastKnownFileType = image.png; path = "Icon-152.png"; sourceTree = "<group>"; };
		5087E77917EB970100C73F5D /* Icon-57.png */ = {isa = PBXFileReference; lastKnownFileType = image.png; path = "Icon-57.png"; sourceTree = "<group>"; };
		5087E77A17EB970100C73F5D /* Icon-72.png */ = {isa = PBXFileReference; lastKnownFileType = image.png; path = "Icon-72.png"; sourceTree = "<group>"; };
		5087E77B17EB970100C73F5D /* Icon-76.png */ = {isa = PBXFileReference; lastKnownFileType = image.png; path = "Icon-76.png"; sourceTree = "<group>"; };
		5087E77C17EB970100C73F5D /* Info.plist */ = {isa = PBXFileReference; fileEncoding = 4; lastKnownFileType = text.plist.xml; path = Info.plist; sourceTree = "<group>"; };
		5087E78817EB974C00C73F5D /* AppKit.framework */ = {isa = PBXFileReference; lastKnownFileType = wrapper.framework; name = AppKit.framework; path = System/Library/Frameworks/AppKit.framework; sourceTree = SDKROOT; };
		5087E78A17EB975400C73F5D /* OpenGL.framework */ = {isa = PBXFileReference; lastKnownFileType = wrapper.framework; name = OpenGL.framework; path = System/Library/Frameworks/OpenGL.framework; sourceTree = SDKROOT; };
		50EF629217ECD46A001EB2F8 /* Icon-40.png */ = {isa = PBXFileReference; lastKnownFileType = image.png; path = "Icon-40.png"; sourceTree = "<group>"; };
		50EF629317ECD46A001EB2F8 /* Icon-58.png */ = {isa = PBXFileReference; lastKnownFileType = image.png; path = "Icon-58.png"; sourceTree = "<group>"; };
		50EF629417ECD46A001EB2F8 /* Icon-80.png */ = {isa = PBXFileReference; lastKnownFileType = image.png; path = "Icon-80.png"; sourceTree = "<group>"; };
		50EF629517ECD46A001EB2F8 /* Icon-100.png */ = {isa = PBXFileReference; lastKnownFileType = image.png; path = "Icon-100.png"; sourceTree = "<group>"; };
		50EF62A017ECD613001EB2F8 /* Icon-29.png */ = {isa = PBXFileReference; lastKnownFileType = image.png; path = "Icon-29.png"; sourceTree = "<group>"; };
		50EF62A117ECD613001EB2F8 /* Icon-50.png */ = {isa = PBXFileReference; lastKnownFileType = image.png; path = "Icon-50.png"; sourceTree = "<group>"; };
		521A8E6219F0C34300D177D7 /* Default-667h@2x.png */ = {isa = PBXFileReference; lastKnownFileType = image.png; path = "Default-667h@2x.png"; sourceTree = "<group>"; };
		521A8E6319F0C34300D177D7 /* Default-736h@3x.png */ = {isa = PBXFileReference; lastKnownFileType = image.png; path = "Default-736h@3x.png"; sourceTree = "<group>"; };
		521A8EA819F11F5000D177D7 /* fonts */ = {isa = PBXFileReference; lastKnownFileType = folder; path = fonts; sourceTree = "<group>"; };
		52B47A461A53D09B004E4C60 /* Security.framework */ = {isa = PBXFileReference; lastKnownFileType = wrapper.framework; name = Security.framework; path = Platforms/iPhoneOS.platform/Developer/SDKs/iPhoneOS8.1.sdk/System/Library/Frameworks/Security.framework; sourceTree = DEVELOPER_DIR; };
		8262943D1AAF051F00CB7CF7 /* Security.framework */ = {isa = PBXFileReference; lastKnownFileType = wrapper.framework; name = Security.framework; path = System/Library/Frameworks/Security.framework; sourceTree = SDKROOT; };
		BE37A5D71E4A378100AEB847 /* MyComponentConfig.h */ = {isa = PBXFileReference; fileEncoding = 4; lastKnownFileType = sourcecode.c.h; path = MyComponentConfig.h; sourceTree = "<group>"; };
		BE37A5DC1E4A378100AEB847 /* GameCenterManager.h */ = {isa = PBXFileReference; fileEncoding = 4; lastKnownFileType = sourcecode.c.h; path = GameCenterManager.h; sourceTree = "<group>"; };
		BE37A5DD1E4A378100AEB847 /* GameCenterManager.m */ = {isa = PBXFileReference; fileEncoding = 4; lastKnownFileType = sourcecode.c.objc; path = GameCenterManager.m; sourceTree = "<group>"; };
		BE37A5DF1E4A378100AEB847 /* IAPHelper.h */ = {isa = PBXFileReference; fileEncoding = 4; lastKnownFileType = sourcecode.c.h; path = IAPHelper.h; sourceTree = "<group>"; };
		BE37A5E01E4A378100AEB847 /* IAPHelper.m */ = {isa = PBXFileReference; fileEncoding = 4; lastKnownFileType = sourcecode.c.objc; path = IAPHelper.m; sourceTree = "<group>"; };
		BE37A5E11E4A378100AEB847 /* IAPManager.h */ = {isa = PBXFileReference; fileEncoding = 4; lastKnownFileType = sourcecode.c.h; path = IAPManager.h; sourceTree = "<group>"; };
		BE37A5E21E4A378100AEB847 /* IAPManager.mm */ = {isa = PBXFileReference; fileEncoding = 4; lastKnownFileType = sourcecode.cpp.objcpp; path = IAPManager.mm; sourceTree = "<group>"; };
		BE37A5E51E4A378100AEB847 /* GoogleMobileAds.framework */ = {isa = PBXFileReference; lastKnownFileType = wrapper.framework; path = GoogleMobileAds.framework; sourceTree = "<group>"; };
		BE37A5E61E4A378100AEB847 /* MyAdMob.h */ = {isa = PBXFileReference; fileEncoding = 4; lastKnownFileType = sourcecode.c.h; path = MyAdMob.h; sourceTree = "<group>"; };
		BE37A5E71E4A378100AEB847 /* MyAdMob.m */ = {isa = PBXFileReference; fileEncoding = 4; lastKnownFileType = sourcecode.c.objc; path = MyAdMob.m; sourceTree = "<group>"; };
		BE37A5E91E4A378100AEB847 /* MyIAd.h */ = {isa = PBXFileReference; fileEncoding = 4; lastKnownFileType = sourcecode.c.h; path = MyIAd.h; sourceTree = "<group>"; };
		BE37A5EA1E4A378100AEB847 /* MyIAd.m */ = {isa = PBXFileReference; fileEncoding = 4; lastKnownFileType = sourcecode.c.objc; path = MyIAd.m; sourceTree = "<group>"; };
		BE37A5EB1E4A378100AEB847 /* myiad_button_close.png */ = {isa = PBXFileReference; lastKnownFileType = image.png; path = myiad_button_close.png; sourceTree = "<group>"; };
		BE37A5EC1E4A378100AEB847 /* MyAdDefines.h */ = {isa = PBXFileReference; fileEncoding = 4; lastKnownFileType = sourcecode.c.h; path = MyAdDefines.h; sourceTree = "<group>"; };
		BE37A5ED1E4A378100AEB847 /* MyAds.h */ = {isa = PBXFileReference; fileEncoding = 4; lastKnownFileType = sourcecode.c.h; path = MyAds.h; sourceTree = "<group>"; };
		BE37A5EE1E4A378100AEB847 /* MyAds.mm */ = {isa = PBXFileReference; fileEncoding = 4; lastKnownFileType = sourcecode.cpp.objcpp; path = MyAds.mm; sourceTree = "<group>"; };
		BE37A5EF1E4A378200AEB847 /* README */ = {isa = PBXFileReference; fileEncoding = 4; lastKnownFileType = text; path = README; sourceTree = "<group>"; };
		BE37A5F01E4A378200AEB847 /* MyGameCenter-apple.h */ = {isa = PBXFileReference; fileEncoding = 4; lastKnownFileType = sourcecode.c.h; path = "MyGameCenter-apple.h"; sourceTree = "<group>"; };
		BE37A5F11E4A378200AEB847 /* MyGameCenter-apple.mm */ = {isa = PBXFileReference; fileEncoding = 4; lastKnownFileType = sourcecode.cpp.objcpp; path = "MyGameCenter-apple.mm"; sourceTree = "<group>"; };
		BE37A5F21E4A378200AEB847 /* MyInAppPurchase-apple.h */ = {isa = PBXFileReference; fileEncoding = 4; lastKnownFileType = sourcecode.c.h; path = "MyInAppPurchase-apple.h"; sourceTree = "<group>"; };
		BE37A5F31E4A378200AEB847 /* MyInAppPurchase-apple.mm */ = {isa = PBXFileReference; fileEncoding = 4; lastKnownFileType = sourcecode.cpp.objcpp; path = "MyInAppPurchase-apple.mm"; sourceTree = "<group>"; };
		BE37A5F41E4A378200AEB847 /* Utils-apple.h */ = {isa = PBXFileReference; fileEncoding = 4; lastKnownFileType = sourcecode.c.h; path = "Utils-apple.h"; sourceTree = "<group>"; };
		BE37A5F51E4A378200AEB847 /* Utils-apple.mm */ = {isa = PBXFileReference; fileEncoding = 4; lastKnownFileType = sourcecode.cpp.objcpp; path = "Utils-apple.mm"; sourceTree = "<group>"; };
		BE37A5F81E4A378200AEB847 /* B2DebugDrawLayer.cpp */ = {isa = PBXFileReference; fileEncoding = 4; lastKnownFileType = sourcecode.cpp.cpp; path = B2DebugDrawLayer.cpp; sourceTree = "<group>"; };
		BE37A5F91E4A378200AEB847 /* B2DebugDrawLayer.h */ = {isa = PBXFileReference; fileEncoding = 4; lastKnownFileType = sourcecode.c.h; path = B2DebugDrawLayer.h; sourceTree = "<group>"; };
		BE37A5FA1E4A378200AEB847 /* GLES-Render.cpp */ = {isa = PBXFileReference; fileEncoding = 4; lastKnownFileType = sourcecode.cpp.cpp; path = "GLES-Render.cpp"; sourceTree = "<group>"; };
		BE37A5FB1E4A378200AEB847 /* GLES-Render.h */ = {isa = PBXFileReference; fileEncoding = 4; lastKnownFileType = sourcecode.c.h; path = "GLES-Render.h"; sourceTree = "<group>"; };
		BE37A5FD1E4A378200AEB847 /* CCShake.cpp */ = {isa = PBXFileReference; fileEncoding = 4; lastKnownFileType = sourcecode.cpp.cpp; path = CCShake.cpp; sourceTree = "<group>"; };
		BE37A5FE1E4A378200AEB847 /* CCShake.h */ = {isa = PBXFileReference; fileEncoding = 4; lastKnownFileType = sourcecode.c.h; path = CCShake.h; sourceTree = "<group>"; };
		BE37A6001E4A378200AEB847 /* MenuItemFrameName.cpp */ = {isa = PBXFileReference; fileEncoding = 4; lastKnownFileType = sourcecode.cpp.cpp; path = MenuItemFrameName.cpp; sourceTree = "<group>"; };
		BE37A6011E4A378200AEB847 /* MenuItemFrameName.h */ = {isa = PBXFileReference; fileEncoding = 4; lastKnownFileType = sourcecode.c.h; path = MenuItemFrameName.h; sourceTree = "<group>"; };
		BE37A6031E4A378200AEB847 /* MyScrollLayer.cpp */ = {isa = PBXFileReference; fileEncoding = 4; lastKnownFileType = sourcecode.cpp.cpp; path = MyScrollLayer.cpp; sourceTree = "<group>"; };
		BE37A6041E4A378200AEB847 /* MyScrollLayer.h */ = {isa = PBXFileReference; fileEncoding = 4; lastKnownFileType = sourcecode.c.h; path = MyScrollLayer.h; sourceTree = "<group>"; };
		BE37A6061E4A378200AEB847 /* MyAds.cpp */ = {isa = PBXFileReference; fileEncoding = 4; lastKnownFileType = sourcecode.cpp.cpp; path = MyAds.cpp; sourceTree = "<group>"; };
		BE37A6071E4A378200AEB847 /* MyAds.h */ = {isa = PBXFileReference; fileEncoding = 4; lastKnownFileType = sourcecode.c.h; path = MyAds.h; sourceTree = "<group>"; };
		BE37A6081E4A378200AEB847 /* MyComponents.h */ = {isa = PBXFileReference; fileEncoding = 4; lastKnownFileType = sourcecode.c.h; path = MyComponents.h; sourceTree = "<group>"; };
		BE37A60A1E4A378200AEB847 /* MyGameCenter.cpp */ = {isa = PBXFileReference; fileEncoding = 4; lastKnownFileType = sourcecode.cpp.cpp; path = MyGameCenter.cpp; sourceTree = "<group>"; };
		BE37A60B1E4A378200AEB847 /* MyGameCenter.h */ = {isa = PBXFileReference; fileEncoding = 4; lastKnownFileType = sourcecode.c.h; path = MyGameCenter.h; sourceTree = "<group>"; };
		BE37A60D1E4A378200AEB847 /* MyInAppPurchase.cpp */ = {isa = PBXFileReference; fileEncoding = 4; lastKnownFileType = sourcecode.cpp.cpp; path = MyInAppPurchase.cpp; sourceTree = "<group>"; };
		BE37A60E1E4A378200AEB847 /* MyInAppPurchase.h */ = {isa = PBXFileReference; fileEncoding = 4; lastKnownFileType = sourcecode.c.h; path = MyInAppPurchase.h; sourceTree = "<group>"; };
		BE37A60F1E4A378200AEB847 /* MyInAppPurchaseDelegate.h */ = {isa = PBXFileReference; fileEncoding = 4; lastKnownFileType = sourcecode.c.h; path = MyInAppPurchaseDelegate.h; sourceTree = "<group>"; };
		BE37A6111E4A378200AEB847 /* MyUserDefaults.cpp */ = {isa = PBXFileReference; fileEncoding = 4; lastKnownFileType = sourcecode.cpp.cpp; path = MyUserDefaults.cpp; sourceTree = "<group>"; };
		BE37A6121E4A378200AEB847 /* MyUserDefaults.h */ = {isa = PBXFileReference; fileEncoding = 4; lastKnownFileType = sourcecode.c.h; path = MyUserDefaults.h; sourceTree = "<group>"; };
		BE37A6141E4A378200AEB847 /* ScreenSettings.cpp */ = {isa = PBXFileReference; fileEncoding = 4; lastKnownFileType = sourcecode.cpp.cpp; path = ScreenSettings.cpp; sourceTree = "<group>"; };
		BE37A6151E4A378200AEB847 /* ScreenSettings.h */ = {isa = PBXFileReference; fileEncoding = 4; lastKnownFileType = sourcecode.c.h; path = ScreenSettings.h; sourceTree = "<group>"; };
		BE37A6171E4A378200AEB847 /* SoundSystem.cpp */ = {isa = PBXFileReference; fileEncoding = 4; lastKnownFileType = sourcecode.cpp.cpp; path = SoundSystem.cpp; sourceTree = "<group>"; };
		BE37A6181E4A378200AEB847 /* SoundSystem.h */ = {isa = PBXFileReference; fileEncoding = 4; lastKnownFileType = sourcecode.c.h; path = SoundSystem.h; sourceTree = "<group>"; };
		BE37A61A1E4A378200AEB847 /* Rijndael.cpp */ = {isa = PBXFileReference; fileEncoding = 4; lastKnownFileType = sourcecode.cpp.cpp; path = Rijndael.cpp; sourceTree = "<group>"; };
		BE37A61B1E4A378200AEB847 /* Rijndael.h */ = {isa = PBXFileReference; fileEncoding = 4; lastKnownFileType = sourcecode.c.h; path = Rijndael.h; sourceTree = "<group>"; };
		BE37A61C1E4A378200AEB847 /* Utils.cpp */ = {isa = PBXFileReference; fileEncoding = 4; lastKnownFileType = sourcecode.cpp.cpp; path = Utils.cpp; sourceTree = "<group>"; };
		BE37A61D1E4A378200AEB847 /* Utils.h */ = {isa = PBXFileReference; fileEncoding = 4; lastKnownFileType = sourcecode.c.h; path = Utils.h; sourceTree = "<group>"; };
		BE37A6A71E4A382500AEB847 /* GameDefines.h */ = {isa = PBXFileReference; lastKnownFileType = sourcecode.c.h; path = GameDefines.h; sourceTree = "<group>"; };
		BE37A6A81E4A382E00AEB847 /* Texts.h */ = {isa = PBXFileReference; lastKnownFileType = sourcecode.c.h; path = Texts.h; sourceTree = "<group>"; };
		BE37A6A91E4A383A00AEB847 /* LangSystem.cpp */ = {isa = PBXFileReference; fileEncoding = 4; lastKnownFileType = sourcecode.cpp.cpp; path = LangSystem.cpp; sourceTree = "<group>"; };
		BE37A6AA1E4A383A00AEB847 /* LangSystem.h */ = {isa = PBXFileReference; fileEncoding = 4; lastKnownFileType = sourcecode.c.h; path = LangSystem.h; sourceTree = "<group>"; };
		BE750F131E4E175A0066EB7A /* LoadingScene.cpp */ = {isa = PBXFileReference; fileEncoding = 4; lastKnownFileType = sourcecode.cpp.cpp; path = LoadingScene.cpp; sourceTree = "<group>"; };
		BE750F141E4E175A0066EB7A /* LoadingScene.h */ = {isa = PBXFileReference; fileEncoding = 4; lastKnownFileType = sourcecode.c.h; path = LoadingScene.h; sourceTree = "<group>"; };
		BE750F171E4E17630066EB7A /* GameScene.cpp */ = {isa = PBXFileReference; fileEncoding = 4; lastKnownFileType = sourcecode.cpp.cpp; path = GameScene.cpp; sourceTree = "<group>"; };
		BE750F181E4E17630066EB7A /* GameScene.h */ = {isa = PBXFileReference; fileEncoding = 4; lastKnownFileType = sourcecode.c.h; path = GameScene.h; sourceTree = "<group>"; };
		BE750F1B1E4E17FB0066EB7A /* SystemConfiguration.framework */ = {isa = PBXFileReference; lastKnownFileType = wrapper.framework; name = SystemConfiguration.framework; path = Platforms/iPhoneOS.platform/Developer/SDKs/iPhoneOS10.2.sdk/System/Library/Frameworks/SystemConfiguration.framework; sourceTree = DEVELOPER_DIR; };
		BE750F1D1E4E18000066EB7A /* MessageUI.framework */ = {isa = PBXFileReference; lastKnownFileType = wrapper.framework; name = MessageUI.framework; path = Platforms/iPhoneOS.platform/Developer/SDKs/iPhoneOS10.2.sdk/System/Library/Frameworks/MessageUI.framework; sourceTree = DEVELOPER_DIR; };
		BE750F1F1E4E180A0066EB7A /* MediaPlayer.framework */ = {isa = PBXFileReference; lastKnownFileType = wrapper.framework; name = MediaPlayer.framework; path = Platforms/iPhoneOS.platform/Developer/SDKs/iPhoneOS10.2.sdk/System/Library/Frameworks/MediaPlayer.framework; sourceTree = DEVELOPER_DIR; };
		BE750F211E4E18100066EB7A /* EventKit.framework */ = {isa = PBXFileReference; lastKnownFileType = wrapper.framework; name = EventKit.framework; path = Platforms/iPhoneOS.platform/Developer/SDKs/iPhoneOS10.2.sdk/System/Library/Frameworks/EventKit.framework; sourceTree = DEVELOPER_DIR; };
		BE750F221E4E18100066EB7A /* EventKitUI.framework */ = {isa = PBXFileReference; lastKnownFileType = wrapper.framework; name = EventKitUI.framework; path = Platforms/iPhoneOS.platform/Developer/SDKs/iPhoneOS10.2.sdk/System/Library/Frameworks/EventKitUI.framework; sourceTree = DEVELOPER_DIR; };
		BE750F251E4E181C0066EB7A /* CoreTelephony.framework */ = {isa = PBXFileReference; lastKnownFileType = wrapper.framework; name = CoreTelephony.framework; path = Platforms/iPhoneOS.platform/Developer/SDKs/iPhoneOS10.2.sdk/System/Library/Frameworks/CoreTelephony.framework; sourceTree = DEVELOPER_DIR; };
		BE750F271E4E18210066EB7A /* CoreMedia.framework */ = {isa = PBXFileReference; lastKnownFileType = wrapper.framework; name = CoreMedia.framework; path = Platforms/iPhoneOS.platform/Developer/SDKs/iPhoneOS10.2.sdk/System/Library/Frameworks/CoreMedia.framework; sourceTree = DEVELOPER_DIR; };
		BE750F291E4E182B0066EB7A /* AdSupport.framework */ = {isa = PBXFileReference; lastKnownFileType = wrapper.framework; name = AdSupport.framework; path = Platforms/iPhoneOS.platform/Developer/SDKs/iPhoneOS10.2.sdk/System/Library/Frameworks/AdSupport.framework; sourceTree = DEVELOPER_DIR; };
		BE750F2B1E4E18350066EB7A /* SafariServices.framework */ = {isa = PBXFileReference; lastKnownFileType = wrapper.framework; name = SafariServices.framework; path = Platforms/iPhoneOS.platform/Developer/SDKs/iPhoneOS10.2.sdk/System/Library/Frameworks/SafariServices.framework; sourceTree = DEVELOPER_DIR; };
		BE750F2D1E4E183A0066EB7A /* CoreBluetooth.framework */ = {isa = PBXFileReference; lastKnownFileType = wrapper.framework; name = CoreBluetooth.framework; path = Platforms/iPhoneOS.platform/Developer/SDKs/iPhoneOS10.2.sdk/System/Library/Frameworks/CoreBluetooth.framework; sourceTree = DEVELOPER_DIR; };
		BE750F2F1E4E18470066EB7A /* GLKit.framework */ = {isa = PBXFileReference; lastKnownFileType = wrapper.framework; name = GLKit.framework; path = Platforms/iPhoneOS.platform/Developer/SDKs/iPhoneOS10.2.sdk/System/Library/Frameworks/GLKit.framework; sourceTree = DEVELOPER_DIR; };
		BE750F311E4E184D0066EB7A /* CoreVideo.framework */ = {isa = PBXFileReference; lastKnownFileType = wrapper.framework; name = CoreVideo.framework; path = Platforms/iPhoneOS.platform/Developer/SDKs/iPhoneOS10.2.sdk/System/Library/Frameworks/CoreVideo.framework; sourceTree = DEVELOPER_DIR; };
		BE750F331E4E18560066EB7A /* GameKit.framework */ = {isa = PBXFileReference; lastKnownFileType = wrapper.framework; name = GameKit.framework; path = Platforms/iPhoneOS.platform/Developer/SDKs/iPhoneOS10.2.sdk/System/Library/Frameworks/GameKit.framework; sourceTree = DEVELOPER_DIR; };
		BE750F351E4E185C0066EB7A /* iAd.framework */ = {isa = PBXFileReference; lastKnownFileType = wrapper.framework; name = iAd.framework; path = Platforms/iPhoneOS.platform/Developer/SDKs/iPhoneOS10.2.sdk/System/Library/Frameworks/iAd.framework; sourceTree = DEVELOPER_DIR; };
		BE750F371E4E18660066EB7A /* StoreKit.framework */ = {isa = PBXFileReference; lastKnownFileType = wrapper.framework; name = StoreKit.framework; path = Platforms/iPhoneOS.platform/Developer/SDKs/iPhoneOS10.2.sdk/System/Library/Frameworks/StoreKit.framework; sourceTree = DEVELOPER_DIR; };
		BE750F391E4E186C0066EB7A /* MobileCoreServices.framework */ = {isa = PBXFileReference; lastKnownFileType = wrapper.framework; name = MobileCoreServices.framework; path = Platforms/iPhoneOS.platform/Developer/SDKs/iPhoneOS10.2.sdk/System/Library/Frameworks/MobileCoreServices.framework; sourceTree = DEVELOPER_DIR; };
		BE750F3B1E4E18710066EB7A /* CFNetwork.framework */ = {isa = PBXFileReference; lastKnownFileType = wrapper.framework; name = CFNetwork.framework; path = Platforms/iPhoneOS.platform/Developer/SDKs/iPhoneOS10.2.sdk/System/Library/Frameworks/CFNetwork.framework; sourceTree = DEVELOPER_DIR; };
		BE750F3D1E4E1C5F0066EB7A /* MyDirector.cpp */ = {isa = PBXFileReference; fileEncoding = 4; lastKnownFileType = sourcecode.cpp.cpp; path = MyDirector.cpp; sourceTree = "<group>"; };
		BE750F3E1E4E1C5F0066EB7A /* MyDirector.h */ = {isa = PBXFileReference; fileEncoding = 4; lastKnownFileType = sourcecode.c.h; path = MyDirector.h; sourceTree = "<group>"; };
		BEE167491E50DA5000F8A113 /* GameMenu.cpp */ = {isa = PBXFileReference; fileEncoding = 4; lastKnownFileType = sourcecode.cpp.cpp; path = GameMenu.cpp; sourceTree = "<group>"; };
		BEE1674A1E50DA5000F8A113 /* GameMenu.h */ = {isa = PBXFileReference; fileEncoding = 4; lastKnownFileType = sourcecode.c.h; path = GameMenu.h; sourceTree = "<group>"; };
		BEE1674C1E50DA5C00F8A113 /* Background.cpp */ = {isa = PBXFileReference; fileEncoding = 4; lastKnownFileType = sourcecode.cpp.cpp; path = Background.cpp; sourceTree = "<group>"; };
		BEE1674D1E50DA5C00F8A113 /* Background.h */ = {isa = PBXFileReference; fileEncoding = 4; lastKnownFileType = sourcecode.c.h; path = Background.h; sourceTree = "<group>"; };
		BEE1674F1E50DDA400F8A113 /* SettingsLayer.cpp */ = {isa = PBXFileReference; fileEncoding = 4; lastKnownFileType = sourcecode.cpp.cpp; path = SettingsLayer.cpp; sourceTree = "<group>"; };
		BEE167501E50DDA400F8A113 /* SettingsLayer.h */ = {isa = PBXFileReference; fileEncoding = 4; lastKnownFileType = sourcecode.c.h; path = SettingsLayer.h; sourceTree = "<group>"; };
		BF170DB012928DE900B8313A /* OpenGLES.framework */ = {isa = PBXFileReference; lastKnownFileType = wrapper.framework; name = OpenGLES.framework; path = System/Library/Frameworks/OpenGLES.framework; sourceTree = SDKROOT; };
		BF170DB412928DE900B8313A /* libz.dylib */ = {isa = PBXFileReference; lastKnownFileType = "compiled.mach-o.dylib"; name = libz.dylib; path = usr/lib/libz.dylib; sourceTree = SDKROOT; };
		BF1C47EA1293683800B63C5D /* QuartzCore.framework */ = {isa = PBXFileReference; lastKnownFileType = wrapper.framework; name = QuartzCore.framework; path = System/Library/Frameworks/QuartzCore.framework; sourceTree = SDKROOT; };
		D44C620B132DFF330009C878 /* OpenAL.framework */ = {isa = PBXFileReference; lastKnownFileType = wrapper.framework; name = OpenAL.framework; path = System/Library/Frameworks/OpenAL.framework; sourceTree = SDKROOT; };
		D44C620D132DFF430009C878 /* AVFoundation.framework */ = {isa = PBXFileReference; lastKnownFileType = wrapper.framework; name = AVFoundation.framework; path = System/Library/Frameworks/AVFoundation.framework; sourceTree = SDKROOT; };
		D44C620F132DFF4E0009C878 /* AudioToolbox.framework */ = {isa = PBXFileReference; lastKnownFileType = wrapper.framework; name = AudioToolbox.framework; path = System/Library/Frameworks/AudioToolbox.framework; sourceTree = SDKROOT; };
		D6B0611A1803AB670077942B /* CoreMotion.framework */ = {isa = PBXFileReference; lastKnownFileType = wrapper.framework; name = CoreMotion.framework; path = Platforms/iPhoneOS.platform/Developer/SDKs/iPhoneOS7.0.sdk/System/Library/Frameworks/CoreMotion.framework; sourceTree = DEVELOPER_DIR; };
		ED545A7B1B68A1F400C3958E /* libiconv.dylib */ = {isa = PBXFileReference; lastKnownFileType = "compiled.mach-o.dylib"; name = libiconv.dylib; path = Platforms/iPhoneOS.platform/Developer/SDKs/iPhoneOS8.4.sdk/usr/lib/libiconv.dylib; sourceTree = DEVELOPER_DIR; };
		ED545A7D1B68A1FA00C3958E /* libiconv.dylib */ = {isa = PBXFileReference; lastKnownFileType = "compiled.mach-o.dylib"; name = libiconv.dylib; path = usr/lib/libiconv.dylib; sourceTree = SDKROOT; };
/* End PBXFileReference section */

/* Begin PBXFrameworksBuildPhase section */
		1D60588F0D05DD3D006BFB54 /* Frameworks */ = {
			isa = PBXFrameworksBuildPhase;
			buildActionMask = 2147483647;
			files = (
				BE750F3C1E4E18720066EB7A /* CFNetwork.framework in Frameworks */,
				BE750F3A1E4E186C0066EB7A /* MobileCoreServices.framework in Frameworks */,
				BE750F381E4E18660066EB7A /* StoreKit.framework in Frameworks */,
				BE750F361E4E185C0066EB7A /* iAd.framework in Frameworks */,
				BE750F341E4E18560066EB7A /* GameKit.framework in Frameworks */,
				BE750F321E4E184D0066EB7A /* CoreVideo.framework in Frameworks */,
				BE750F301E4E18470066EB7A /* GLKit.framework in Frameworks */,
				BE750F2E1E4E183A0066EB7A /* CoreBluetooth.framework in Frameworks */,
				BE750F2C1E4E18350066EB7A /* SafariServices.framework in Frameworks */,
				BE750F2A1E4E182B0066EB7A /* AdSupport.framework in Frameworks */,
				BE750F281E4E18210066EB7A /* CoreMedia.framework in Frameworks */,
				BE750F261E4E181C0066EB7A /* CoreTelephony.framework in Frameworks */,
				BE750F231E4E18100066EB7A /* EventKit.framework in Frameworks */,
				BE750F241E4E18100066EB7A /* EventKitUI.framework in Frameworks */,
				BE750F201E4E180A0066EB7A /* MediaPlayer.framework in Frameworks */,
				BE750F1E1E4E18000066EB7A /* MessageUI.framework in Frameworks */,
				BE750F1C1E4E17FB0066EB7A /* SystemConfiguration.framework in Frameworks */,
				BE750F1A1E4E17EF0066EB7A /* GoogleMobileAds.framework in Frameworks */,
				294D0D641D0D56D500F7F5D4 /* CoreText.framework in Frameworks */,
				ED545A7C1B68A1F400C3958E /* libiconv.dylib in Frameworks */,
				52B47A471A53D09C004E4C60 /* Security.framework in Frameworks */,
				1AC6FB30180E99EB004C840B /* libcocos2d iOS.a in Frameworks */,
				D6B0611B1803AB670077942B /* CoreMotion.framework in Frameworks */,
				1D60589F0D05DD5A006BFB54 /* Foundation.framework in Frameworks */,
				1DF5F4E00D08C38300B7A737 /* UIKit.framework in Frameworks */,
				288765A50DF7441C002DB57D /* CoreGraphics.framework in Frameworks */,
				BF171245129291EC00B8313A /* OpenGLES.framework in Frameworks */,
				BF1712471292920000B8313A /* libz.dylib in Frameworks */,
				BF1C47F01293687400B63C5D /* QuartzCore.framework in Frameworks */,
				D44C620C132DFF330009C878 /* OpenAL.framework in Frameworks */,
				D44C620E132DFF430009C878 /* AVFoundation.framework in Frameworks */,
				D44C6210132DFF4E0009C878 /* AudioToolbox.framework in Frameworks */,
			);
			runOnlyForDeploymentPostprocessing = 0;
		};
		5087E75C17EB910900C73F5D /* Frameworks */ = {
			isa = PBXFrameworksBuildPhase;
			buildActionMask = 2147483647;
			files = (
				ED545A7E1B68A1FA00C3958E /* libiconv.dylib in Frameworks */,
				1AC6FB21180E996B004C840B /* libcocos2d Mac.a in Frameworks */,
				5087E76717EB910900C73F5D /* libz.dylib in Frameworks */,
				8262943E1AAF051F00CB7CF7 /* Security.framework in Frameworks */,
				503AE11B17EB9C5A00D1A890 /* IOKit.framework in Frameworks */,
				5087E78B17EB975400C73F5D /* OpenGL.framework in Frameworks */,
				5087E78917EB974C00C73F5D /* AppKit.framework in Frameworks */,
				5087E76317EB910900C73F5D /* Foundation.framework in Frameworks */,
				5087E76817EB910900C73F5D /* QuartzCore.framework in Frameworks */,
				5087E76917EB910900C73F5D /* OpenAL.framework in Frameworks */,
				5087E76A17EB910900C73F5D /* AVFoundation.framework in Frameworks */,
				5087E76B17EB910900C73F5D /* AudioToolbox.framework in Frameworks */,
			);
			runOnlyForDeploymentPostprocessing = 0;
		};
/* End PBXFrameworksBuildPhase section */

/* Begin PBXGroup section */
		080E96DDFE201D6D7F000001 /* ios */ = {
			isa = PBXGroup;
			children = (
				5087E77117EB970100C73F5D /* Icons */,
				503AE0FA17EB989F00D1A890 /* AppController.h */,
				503AE0FB17EB989F00D1A890 /* AppController.mm */,
				503AE0FC17EB989F00D1A890 /* main.m */,
				503AE0FD17EB989F00D1A890 /* Prefix.pch */,
				503AE0FE17EB989F00D1A890 /* RootViewController.h */,
				503AE0FF17EB989F00D1A890 /* RootViewController.mm */,
			);
			name = ios;
			path = Classes;
			sourceTree = "<group>";
		};
		19C28FACFE9D520D11CA2CBB /* Products */ = {
			isa = PBXGroup;
			children = (
				1D6058910D05DD3D006BFB54 /* FindTheDot-mobile.app */,
				5087E76F17EB910900C73F5D /* FindTheDot-desktop.app */,
			);
			name = Products;
			sourceTree = "<group>";
		};
		1AC6FAE6180E9839004C840B /* Products */ = {
			isa = PBXGroup;
			children = (
				1AC6FAF9180E9839004C840B /* libcocos2d Mac.a */,
				1AC6FB07180E9839004C840B /* libcocos2d iOS.a */,
				BE37A5CD1E4A349C00AEB847 /* libcocos2d tvOS.a */,
			);
			name = Products;
			sourceTree = "<group>";
		};
		29B97314FDCFA39411CA2CEA /* CustomTemplate */ = {
			isa = PBXGroup;
			children = (
				46880B8319C43A87006E1F66 /* Classes */,
				46880B7519C43A67006E1F66 /* Resources */,
				1AC6FAE5180E9839004C840B /* cocos2d_libs.xcodeproj */,
				29B97323FDCFA39411CA2CEA /* Frameworks */,
				080E96DDFE201D6D7F000001 /* ios */,
				503AE10617EB990700D1A890 /* mac */,
				19C28FACFE9D520D11CA2CBB /* Products */,
			);
			name = CustomTemplate;
			sourceTree = "<group>";
		};
		29B97323FDCFA39411CA2CEA /* Frameworks */ = {
			isa = PBXGroup;
			children = (
				BE750F3B1E4E18710066EB7A /* CFNetwork.framework */,
				BE750F391E4E186C0066EB7A /* MobileCoreServices.framework */,
				BE750F371E4E18660066EB7A /* StoreKit.framework */,
				BE750F351E4E185C0066EB7A /* iAd.framework */,
				BE750F331E4E18560066EB7A /* GameKit.framework */,
				BE750F311E4E184D0066EB7A /* CoreVideo.framework */,
				BE750F2F1E4E18470066EB7A /* GLKit.framework */,
				BE750F2D1E4E183A0066EB7A /* CoreBluetooth.framework */,
				BE750F2B1E4E18350066EB7A /* SafariServices.framework */,
				BE750F291E4E182B0066EB7A /* AdSupport.framework */,
				BE750F271E4E18210066EB7A /* CoreMedia.framework */,
				BE750F251E4E181C0066EB7A /* CoreTelephony.framework */,
				BE750F211E4E18100066EB7A /* EventKit.framework */,
				BE750F221E4E18100066EB7A /* EventKitUI.framework */,
				BE750F1F1E4E180A0066EB7A /* MediaPlayer.framework */,
				BE750F1D1E4E18000066EB7A /* MessageUI.framework */,
				BE750F1B1E4E17FB0066EB7A /* SystemConfiguration.framework */,
				294D0D631D0D56D500F7F5D4 /* CoreText.framework */,
				ED545A7D1B68A1FA00C3958E /* libiconv.dylib */,
				ED545A7B1B68A1F400C3958E /* libiconv.dylib */,
				8262943D1AAF051F00CB7CF7 /* Security.framework */,
				52B47A461A53D09B004E4C60 /* Security.framework */,
				D6B0611A1803AB670077942B /* CoreMotion.framework */,
				503AE11A17EB9C5A00D1A890 /* IOKit.framework */,
				503AE11117EB99EE00D1A890 /* libcurl.dylib */,
				5087E78A17EB975400C73F5D /* OpenGL.framework */,
				5087E78817EB974C00C73F5D /* AppKit.framework */,
				1ACB3243164770DE00914215 /* libcurl.a */,
				BF170DB412928DE900B8313A /* libz.dylib */,
				D44C620F132DFF4E0009C878 /* AudioToolbox.framework */,
				D44C620D132DFF430009C878 /* AVFoundation.framework */,
				288765A40DF7441C002DB57D /* CoreGraphics.framework */,
				1D30AB110D05D00D00671497 /* Foundation.framework */,
				D44C620B132DFF330009C878 /* OpenAL.framework */,
				BF170DB012928DE900B8313A /* OpenGLES.framework */,
				BF1C47EA1293683800B63C5D /* QuartzCore.framework */,
				1DF5F4DF0D08C38300B7A737 /* UIKit.framework */,
			);
			name = Frameworks;
			sourceTree = "<group>";
		};
		46880B7519C43A67006E1F66 /* Resources */ = {
			isa = PBXGroup;
			children = (
				521A8EA819F11F5000D177D7 /* fonts */,
				3EACC98E19EE6D4300EB3C5E /* res */,
			);
			name = Resources;
			path = ../Resources;
			sourceTree = "<group>";
		};
		46880B8319C43A87006E1F66 /* Classes */ = {
			isa = PBXGroup;
			children = (
				46880B8419C43A87006E1F66 /* AppDelegate.cpp */,
				46880B8519C43A87006E1F66 /* AppDelegate.h */,
				BE37A5CF1E4A378100AEB847 /* App */,
				BE37A5D51E4A378100AEB847 /* Components */,
			);
			name = Classes;
			path = ../Classes;
			sourceTree = "<group>";
		};
		503AE0F517EB97AB00D1A890 /* Icons */ = {
			isa = PBXGroup;
			children = (
				503AE0F617EB97AB00D1A890 /* Icon.icns */,
				503AE0F717EB97AB00D1A890 /* Info.plist */,
			);
			name = Icons;
			path = mac;
			sourceTree = SOURCE_ROOT;
		};
		503AE10617EB990700D1A890 /* mac */ = {
			isa = PBXGroup;
			children = (
				503AE0F517EB97AB00D1A890 /* Icons */,
				503AE10317EB98FF00D1A890 /* main.cpp */,
				503AE10417EB98FF00D1A890 /* Prefix.pch */,
			);
			name = mac;
			sourceTree = "<group>";
		};
		5087E77117EB970100C73F5D /* Icons */ = {
			isa = PBXGroup;
			children = (
				521A8E6219F0C34300D177D7 /* Default-667h@2x.png */,
				521A8E6319F0C34300D177D7 /* Default-736h@3x.png */,
				5087E77217EB970100C73F5D /* Default-568h@2x.png */,
				5087E77317EB970100C73F5D /* Default.png */,
				5087E77417EB970100C73F5D /* Default@2x.png */,
				50EF62A017ECD613001EB2F8 /* Icon-29.png */,
				50EF62A117ECD613001EB2F8 /* Icon-50.png */,
				50EF629217ECD46A001EB2F8 /* Icon-40.png */,
				50EF629317ECD46A001EB2F8 /* Icon-58.png */,
				50EF629417ECD46A001EB2F8 /* Icon-80.png */,
				50EF629517ECD46A001EB2F8 /* Icon-100.png */,
				5087E77517EB970100C73F5D /* Icon-114.png */,
				5087E77617EB970100C73F5D /* Icon-120.png */,
				5087E77717EB970100C73F5D /* Icon-144.png */,
				5087E77817EB970100C73F5D /* Icon-152.png */,
				5087E77917EB970100C73F5D /* Icon-57.png */,
				5087E77A17EB970100C73F5D /* Icon-72.png */,
				5087E77B17EB970100C73F5D /* Icon-76.png */,
				5087E77C17EB970100C73F5D /* Info.plist */,
			);
			name = Icons;
			path = ios;
			sourceTree = SOURCE_ROOT;
		};
		BE37A5CF1E4A378100AEB847 /* App */ = {
			isa = PBXGroup;
			children = (
				BE750F3D1E4E1C5F0066EB7A /* MyDirector.cpp */,
				BE750F3E1E4E1C5F0066EB7A /* MyDirector.h */,
				BE37A5D01E4A378100AEB847 /* Global */,
				BE37A5D11E4A378100AEB847 /* Helpers */,
				BE37A5D21E4A378100AEB847 /* Scenes */,
			);
			path = App;
			sourceTree = "<group>";
		};
		BE37A5D01E4A378100AEB847 /* Global */ = {
			isa = PBXGroup;
			children = (
				BE37A6A71E4A382500AEB847 /* GameDefines.h */,
				BE37A6A91E4A383A00AEB847 /* LangSystem.cpp */,
				BE37A6AA1E4A383A00AEB847 /* LangSystem.h */,
				BE37A6A81E4A382E00AEB847 /* Texts.h */,
			);
			path = Global;
			sourceTree = "<group>";
		};
		BE37A5D11E4A378100AEB847 /* Helpers */ = {
			isa = PBXGroup;
			children = (
			);
			path = Helpers;
			sourceTree = "<group>";
		};
		BE37A5D21E4A378100AEB847 /* Scenes */ = {
			isa = PBXGroup;
			children = (
				BE37A5D31E4A378100AEB847 /* GameScene */,
				BE37A5D41E4A378100AEB847 /* LoadingScene */,
			);
			path = Scenes;
			sourceTree = "<group>";
		};
		BE37A5D31E4A378100AEB847 /* GameScene */ = {
			isa = PBXGroup;
			children = (
				BEE167471E50DA4400F8A113 /* Layers */,
				BE750F171E4E17630066EB7A /* GameScene.cpp */,
				BE750F181E4E17630066EB7A /* GameScene.h */,
			);
			path = GameScene;
			sourceTree = "<group>";
		};
		BE37A5D41E4A378100AEB847 /* LoadingScene */ = {
			isa = PBXGroup;
			children = (
				BE750F131E4E175A0066EB7A /* LoadingScene.cpp */,
				BE750F141E4E175A0066EB7A /* LoadingScene.h */,
			);
			path = LoadingScene;
			sourceTree = "<group>";
		};
		BE37A5D51E4A378100AEB847 /* Components */ = {
			isa = PBXGroup;
			children = (
				BE37A5D61E4A378100AEB847 /* __config */,
				BE37A5D81E4A378100AEB847 /* __platforms */,
				BE37A5F61E4A378200AEB847 /* CCExtensions */,
				BE37A6051E4A378200AEB847 /* MyAds */,
				BE37A6081E4A378200AEB847 /* MyComponents.h */,
				BE37A6091E4A378200AEB847 /* MyGameCenter */,
				BE37A60C1E4A378200AEB847 /* MyInAppPurchase */,
				BE37A6101E4A378200AEB847 /* MyUserDefaults */,
				BE37A6131E4A378200AEB847 /* ScreenSettings */,
				BE37A6161E4A378200AEB847 /* SoundSystem */,
				BE37A6191E4A378200AEB847 /* Utils */,
			);
			path = Components;
			sourceTree = "<group>";
		};
		BE37A5D61E4A378100AEB847 /* __config */ = {
			isa = PBXGroup;
			children = (
				BE37A5D71E4A378100AEB847 /* MyComponentConfig.h */,
			);
			path = __config;
			sourceTree = "<group>";
		};
		BE37A5D81E4A378100AEB847 /* __platforms */ = {
			isa = PBXGroup;
			children = (
				BE37A5D91E4A378100AEB847 /* android */,
				BE37A5DA1E4A378100AEB847 /* ios */,
			);
			path = __platforms;
			sourceTree = "<group>";
		};
		BE37A5D91E4A378100AEB847 /* android */ = {
			isa = PBXGroup;
			children = (
			);
			path = android;
			sourceTree = "<group>";
		};
		BE37A5DA1E4A378100AEB847 /* ios */ = {
			isa = PBXGroup;
			children = (
				BE37A5DB1E4A378100AEB847 /* GameCenter */,
				BE37A5DE1E4A378100AEB847 /* InAppPurchase */,
				BE37A5E31E4A378100AEB847 /* MyAds */,
				BE37A5F01E4A378200AEB847 /* MyGameCenter-apple.h */,
				BE37A5F11E4A378200AEB847 /* MyGameCenter-apple.mm */,
				BE37A5F21E4A378200AEB847 /* MyInAppPurchase-apple.h */,
				BE37A5F31E4A378200AEB847 /* MyInAppPurchase-apple.mm */,
				BE37A5F41E4A378200AEB847 /* Utils-apple.h */,
				BE37A5F51E4A378200AEB847 /* Utils-apple.mm */,
			);
			path = ios;
			sourceTree = "<group>";
		};
		BE37A5DB1E4A378100AEB847 /* GameCenter */ = {
			isa = PBXGroup;
			children = (
				BE37A5DC1E4A378100AEB847 /* GameCenterManager.h */,
				BE37A5DD1E4A378100AEB847 /* GameCenterManager.m */,
			);
			path = GameCenter;
			sourceTree = "<group>";
		};
		BE37A5DE1E4A378100AEB847 /* InAppPurchase */ = {
			isa = PBXGroup;
			children = (
				BE37A5DF1E4A378100AEB847 /* IAPHelper.h */,
				BE37A5E01E4A378100AEB847 /* IAPHelper.m */,
				BE37A5E11E4A378100AEB847 /* IAPManager.h */,
				BE37A5E21E4A378100AEB847 /* IAPManager.mm */,
			);
			path = InAppPurchase;
			sourceTree = "<group>";
		};
		BE37A5E31E4A378100AEB847 /* MyAds */ = {
			isa = PBXGroup;
			children = (
				BE37A5E41E4A378100AEB847 /* AdMob */,
				BE37A5E81E4A378100AEB847 /* iAd */,
				BE37A5EC1E4A378100AEB847 /* MyAdDefines.h */,
				BE37A5ED1E4A378100AEB847 /* MyAds.h */,
				BE37A5EE1E4A378100AEB847 /* MyAds.mm */,
				BE37A5EF1E4A378200AEB847 /* README */,
			);
			path = MyAds;
			sourceTree = "<group>";
		};
		BE37A5E41E4A378100AEB847 /* AdMob */ = {
			isa = PBXGroup;
			children = (
				BE37A5E51E4A378100AEB847 /* GoogleMobileAds.framework */,
				BE37A5E61E4A378100AEB847 /* MyAdMob.h */,
				BE37A5E71E4A378100AEB847 /* MyAdMob.m */,
			);
			path = AdMob;
			sourceTree = "<group>";
		};
		BE37A5E81E4A378100AEB847 /* iAd */ = {
			isa = PBXGroup;
			children = (
				BE37A5E91E4A378100AEB847 /* MyIAd.h */,
				BE37A5EA1E4A378100AEB847 /* MyIAd.m */,
				BE37A5EB1E4A378100AEB847 /* myiad_button_close.png */,
			);
			path = iAd;
			sourceTree = "<group>";
		};
		BE37A5F61E4A378200AEB847 /* CCExtensions */ = {
			isa = PBXGroup;
			children = (
				BE37A5F71E4A378200AEB847 /* B2DebugDraw */,
				BE37A5FC1E4A378200AEB847 /* CCShake */,
				BE37A5FF1E4A378200AEB847 /* MenuItemFrameName */,
				BE37A6021E4A378200AEB847 /* MyScrollLayer */,
			);
			path = CCExtensions;
			sourceTree = "<group>";
		};
		BE37A5F71E4A378200AEB847 /* B2DebugDraw */ = {
			isa = PBXGroup;
			children = (
				BE37A5F81E4A378200AEB847 /* B2DebugDrawLayer.cpp */,
				BE37A5F91E4A378200AEB847 /* B2DebugDrawLayer.h */,
				BE37A5FA1E4A378200AEB847 /* GLES-Render.cpp */,
				BE37A5FB1E4A378200AEB847 /* GLES-Render.h */,
			);
			path = B2DebugDraw;
			sourceTree = "<group>";
		};
		BE37A5FC1E4A378200AEB847 /* CCShake */ = {
			isa = PBXGroup;
			children = (
				BE37A5FD1E4A378200AEB847 /* CCShake.cpp */,
				BE37A5FE1E4A378200AEB847 /* CCShake.h */,
			);
			path = CCShake;
			sourceTree = "<group>";
		};
		BE37A5FF1E4A378200AEB847 /* MenuItemFrameName */ = {
			isa = PBXGroup;
			children = (
				BE37A6001E4A378200AEB847 /* MenuItemFrameName.cpp */,
				BE37A6011E4A378200AEB847 /* MenuItemFrameName.h */,
			);
			path = MenuItemFrameName;
			sourceTree = "<group>";
		};
		BE37A6021E4A378200AEB847 /* MyScrollLayer */ = {
			isa = PBXGroup;
			children = (
				BE37A6031E4A378200AEB847 /* MyScrollLayer.cpp */,
				BE37A6041E4A378200AEB847 /* MyScrollLayer.h */,
			);
			path = MyScrollLayer;
			sourceTree = "<group>";
		};
		BE37A6051E4A378200AEB847 /* MyAds */ = {
			isa = PBXGroup;
			children = (
				BE37A6061E4A378200AEB847 /* MyAds.cpp */,
				BE37A6071E4A378200AEB847 /* MyAds.h */,
			);
			path = MyAds;
			sourceTree = "<group>";
		};
		BE37A6091E4A378200AEB847 /* MyGameCenter */ = {
			isa = PBXGroup;
			children = (
				BE37A60A1E4A378200AEB847 /* MyGameCenter.cpp */,
				BE37A60B1E4A378200AEB847 /* MyGameCenter.h */,
			);
			path = MyGameCenter;
			sourceTree = "<group>";
		};
		BE37A60C1E4A378200AEB847 /* MyInAppPurchase */ = {
			isa = PBXGroup;
			children = (
				BE37A60D1E4A378200AEB847 /* MyInAppPurchase.cpp */,
				BE37A60E1E4A378200AEB847 /* MyInAppPurchase.h */,
				BE37A60F1E4A378200AEB847 /* MyInAppPurchaseDelegate.h */,
			);
			path = MyInAppPurchase;
			sourceTree = "<group>";
		};
		BE37A6101E4A378200AEB847 /* MyUserDefaults */ = {
			isa = PBXGroup;
			children = (
				BE37A6111E4A378200AEB847 /* MyUserDefaults.cpp */,
				BE37A6121E4A378200AEB847 /* MyUserDefaults.h */,
			);
			path = MyUserDefaults;
			sourceTree = "<group>";
		};
		BE37A6131E4A378200AEB847 /* ScreenSettings */ = {
			isa = PBXGroup;
			children = (
				BE37A6141E4A378200AEB847 /* ScreenSettings.cpp */,
				BE37A6151E4A378200AEB847 /* ScreenSettings.h */,
			);
			path = ScreenSettings;
			sourceTree = "<group>";
		};
		BE37A6161E4A378200AEB847 /* SoundSystem */ = {
			isa = PBXGroup;
			children = (
				BE37A6171E4A378200AEB847 /* SoundSystem.cpp */,
				BE37A6181E4A378200AEB847 /* SoundSystem.h */,
			);
			path = SoundSystem;
			sourceTree = "<group>";
		};
		BE37A6191E4A378200AEB847 /* Utils */ = {
			isa = PBXGroup;
			children = (
				BE37A61A1E4A378200AEB847 /* Rijndael.cpp */,
				BE37A61B1E4A378200AEB847 /* Rijndael.h */,
				BE37A61C1E4A378200AEB847 /* Utils.cpp */,
				BE37A61D1E4A378200AEB847 /* Utils.h */,
			);
			path = Utils;
			sourceTree = "<group>";
		};
		BEE167471E50DA4400F8A113 /* Layers */ = {
			isa = PBXGroup;
			children = (
				BEE1674C1E50DA5C00F8A113 /* Background.cpp */,
				BEE1674D1E50DA5C00F8A113 /* Background.h */,
				BEE167491E50DA5000F8A113 /* GameMenu.cpp */,
				BEE1674A1E50DA5000F8A113 /* GameMenu.h */,
				BEE1674F1E50DDA400F8A113 /* SettingsLayer.cpp */,
				BEE167501E50DDA400F8A113 /* SettingsLayer.h */,
			);
			path = Layers;
			sourceTree = "<group>";
		};
/* End PBXGroup section */

/* Begin PBXNativeTarget section */
		1D6058900D05DD3D006BFB54 /* FindTheDot-mobile */ = {
			isa = PBXNativeTarget;
			buildConfigurationList = 1D6058960D05DD3E006BFB54 /* Build configuration list for PBXNativeTarget "FindTheDot-mobile" */;
			buildPhases = (
				1D60588D0D05DD3D006BFB54 /* Resources */,
				1D60588E0D05DD3D006BFB54 /* Sources */,
				1D60588F0D05DD3D006BFB54 /* Frameworks */,
			);
			buildRules = (
			);
			dependencies = (
				1AC6FB25180E99E1004C840B /* PBXTargetDependency */,
			);
			name = "FindTheDot-mobile";
			productName = iphone;
			productReference = 1D6058910D05DD3D006BFB54 /* FindTheDot-mobile.app */;
			productType = "com.apple.product-type.application";
		};
		5087E73D17EB910900C73F5D /* FindTheDot-desktop */ = {
			isa = PBXNativeTarget;
			buildConfigurationList = 5087E76C17EB910900C73F5D /* Build configuration list for PBXNativeTarget "FindTheDot-desktop" */;
			buildPhases = (
				5087E74817EB910900C73F5D /* Resources */,
				5087E75617EB910900C73F5D /* Sources */,
				5087E75C17EB910900C73F5D /* Frameworks */,
			);
			buildRules = (
			);
			dependencies = (
				1AC6FB16180E9959004C840B /* PBXTargetDependency */,
			);
			name = "FindTheDot-desktop";
			productName = iphone;
			productReference = 5087E76F17EB910900C73F5D /* FindTheDot-desktop.app */;
			productType = "com.apple.product-type.application";
		};
/* End PBXNativeTarget section */

/* Begin PBXProject section */
		29B97313FDCFA39411CA2CEA /* Project object */ = {
			isa = PBXProject;
			attributes = {
				LastUpgradeCheck = 0500;
				TargetAttributes = {
					1D6058900D05DD3D006BFB54 = {
						DevelopmentTeam = V6W552WXTY;
					};
				};
			};
			buildConfigurationList = C01FCF4E08A954540054247B /* Build configuration list for PBXProject "FindTheDot" */;
			compatibilityVersion = "Xcode 3.2";
			developmentRegion = English;
			hasScannedForEncodings = 1;
			knownRegions = (
				English,
				Japanese,
				French,
				German,
			);
			mainGroup = 29B97314FDCFA39411CA2CEA /* CustomTemplate */;
			projectDirPath = "";
			projectReferences = (
				{
					ProductGroup = 1AC6FAE6180E9839004C840B /* Products */;
					ProjectRef = 1AC6FAE5180E9839004C840B /* cocos2d_libs.xcodeproj */;
				},
			);
			projectRoot = "";
			targets = (
				1D6058900D05DD3D006BFB54 /* FindTheDot-mobile */,
				5087E73D17EB910900C73F5D /* FindTheDot-desktop */,
			);
		};
/* End PBXProject section */

/* Begin PBXReferenceProxy section */
		1AC6FAF9180E9839004C840B /* libcocos2d Mac.a */ = {
			isa = PBXReferenceProxy;
			fileType = archive.ar;
			path = "libcocos2d Mac.a";
			remoteRef = 1AC6FAF8180E9839004C840B /* PBXContainerItemProxy */;
			sourceTree = BUILT_PRODUCTS_DIR;
		};
		1AC6FB07180E9839004C840B /* libcocos2d iOS.a */ = {
			isa = PBXReferenceProxy;
			fileType = archive.ar;
			path = "libcocos2d iOS.a";
			remoteRef = 1AC6FB06180E9839004C840B /* PBXContainerItemProxy */;
			sourceTree = BUILT_PRODUCTS_DIR;
		};
		BE37A5CD1E4A349C00AEB847 /* libcocos2d tvOS.a */ = {
			isa = PBXReferenceProxy;
			fileType = archive.ar;
			path = "libcocos2d tvOS.a";
			remoteRef = BE37A5CC1E4A349C00AEB847 /* PBXContainerItemProxy */;
			sourceTree = BUILT_PRODUCTS_DIR;
		};
/* End PBXReferenceProxy section */

/* Begin PBXResourcesBuildPhase section */
		1D60588D0D05DD3D006BFB54 /* Resources */ = {
			isa = PBXResourcesBuildPhase;
			buildActionMask = 2147483647;
			files = (
				5087E78117EB970100C73F5D /* Icon-120.png in Resources */,
				5087E78617EB970100C73F5D /* Icon-76.png in Resources */,
				5087E77F17EB970100C73F5D /* Default@2x.png in Resources */,
				50EF629917ECD46A001EB2F8 /* Icon-100.png in Resources */,
				5087E78317EB970100C73F5D /* Icon-152.png in Resources */,
				5087E77D17EB970100C73F5D /* Default-568h@2x.png in Resources */,
				5087E78517EB970100C73F5D /* Icon-72.png in Resources */,
				521A8E6519F0C34300D177D7 /* Default-736h@3x.png in Resources */,
				521A8EA919F11F5000D177D7 /* fonts in Resources */,
				50EF62A317ECD613001EB2F8 /* Icon-50.png in Resources */,
				5087E78017EB970100C73F5D /* Icon-114.png in Resources */,
				50EF62A217ECD613001EB2F8 /* Icon-29.png in Resources */,
				BE37A6261E4A378200AEB847 /* README in Resources */,
				50EF629617ECD46A001EB2F8 /* Icon-40.png in Resources */,
				5087E78217EB970100C73F5D /* Icon-144.png in Resources */,
				3EACC98F19EE6D4300EB3C5E /* res in Resources */,
				50EF629817ECD46A001EB2F8 /* Icon-80.png in Resources */,
				5087E78417EB970100C73F5D /* Icon-57.png in Resources */,
				5087E77E17EB970100C73F5D /* Default.png in Resources */,
				521A8E6419F0C34300D177D7 /* Default-667h@2x.png in Resources */,
				BE37A6241E4A378200AEB847 /* myiad_button_close.png in Resources */,
				50EF629717ECD46A001EB2F8 /* Icon-58.png in Resources */,
			);
			runOnlyForDeploymentPostprocessing = 0;
		};
		5087E74817EB910900C73F5D /* Resources */ = {
			isa = PBXResourcesBuildPhase;
			buildActionMask = 2147483647;
			files = (
				503AE0F817EB97AB00D1A890 /* Icon.icns in Resources */,
				3EACC99019EE6D4300EB3C5E /* res in Resources */,
				521A8EAA19F11F5000D177D7 /* fonts in Resources */,
			);
			runOnlyForDeploymentPostprocessing = 0;
		};
/* End PBXResourcesBuildPhase section */

/* Begin PBXSourcesBuildPhase section */
		1D60588E0D05DD3D006BFB54 /* Sources */ = {
			isa = PBXSourcesBuildPhase;
			buildActionMask = 2147483647;
			files = (
				BE37A62B1E4A378200AEB847 /* GLES-Render.cpp in Sources */,
				BE37A6281E4A378200AEB847 /* MyInAppPurchase-apple.mm in Sources */,
				BEE167511E50DDA400F8A113 /* SettingsLayer.cpp in Sources */,
				46880B8819C43A87006E1F66 /* AppDelegate.cpp in Sources */,
				BE750F191E4E17630066EB7A /* GameScene.cpp in Sources */,
				BE37A61E1E4A378200AEB847 /* GameCenterManager.m in Sources */,
				BEE1674B1E50DA5000F8A113 /* GameMenu.cpp in Sources */,
				BE37A62E1E4A378200AEB847 /* MyScrollLayer.cpp in Sources */,
				BE750F151E4E175A0066EB7A /* LoadingScene.cpp in Sources */,
				503AE10017EB989F00D1A890 /* AppController.mm in Sources */,
				BE37A6341E4A378200AEB847 /* SoundSystem.cpp in Sources */,
				BE37A6231E4A378200AEB847 /* MyIAd.m in Sources */,
				BE37A6201E4A378200AEB847 /* IAPManager.mm in Sources */,
				BE37A6361E4A378200AEB847 /* Utils.cpp in Sources */,
				BE37A62D1E4A378200AEB847 /* MenuItemFrameName.cpp in Sources */,
				503AE10217EB989F00D1A890 /* RootViewController.mm in Sources */,
				BE37A6251E4A378200AEB847 /* MyAds.mm in Sources */,
				BE37A6351E4A378200AEB847 /* Rijndael.cpp in Sources */,
				BE37A62F1E4A378200AEB847 /* MyAds.cpp in Sources */,
				BE750F3F1E4E1C5F0066EB7A /* MyDirector.cpp in Sources */,
				BE37A6311E4A378200AEB847 /* MyInAppPurchase.cpp in Sources */,
				BE37A6221E4A378200AEB847 /* MyAdMob.m in Sources */,
				BE37A62A1E4A378200AEB847 /* B2DebugDrawLayer.cpp in Sources */,
				BE37A6331E4A378200AEB847 /* ScreenSettings.cpp in Sources */,
				BE37A61F1E4A378200AEB847 /* IAPHelper.m in Sources */,
				503AE10117EB989F00D1A890 /* main.m in Sources */,
				BE37A6291E4A378200AEB847 /* Utils-apple.mm in Sources */,
				BE37A62C1E4A378200AEB847 /* CCShake.cpp in Sources */,
				BE37A6AB1E4A383A00AEB847 /* LangSystem.cpp in Sources */,
				BE37A6301E4A378200AEB847 /* MyGameCenter.cpp in Sources */,
				BE37A6321E4A378200AEB847 /* MyUserDefaults.cpp in Sources */,
				BE37A6271E4A378200AEB847 /* MyGameCenter-apple.mm in Sources */,
				BEE1674E1E50DA5C00F8A113 /* Background.cpp in Sources */,
			);
			runOnlyForDeploymentPostprocessing = 0;
		};
		5087E75617EB910900C73F5D /* Sources */ = {
			isa = PBXSourcesBuildPhase;
			buildActionMask = 2147483647;
			files = (
				46880B8919C43A87006E1F66 /* AppDelegate.cpp in Sources */,
				503AE10517EB98FF00D1A890 /* main.cpp in Sources */,
			);
			runOnlyForDeploymentPostprocessing = 0;
		};
/* End PBXSourcesBuildPhase section */

/* Begin PBXTargetDependency section */
		1AC6FB16180E9959004C840B /* PBXTargetDependency */ = {
			isa = PBXTargetDependency;
			name = "cocos2dx Mac";
			targetProxy = 1AC6FB15180E9959004C840B /* PBXContainerItemProxy */;
		};
		1AC6FB25180E99E1004C840B /* PBXTargetDependency */ = {
			isa = PBXTargetDependency;
			name = "cocos2dx iOS";
			targetProxy = 1AC6FB24180E99E1004C840B /* PBXContainerItemProxy */;
		};
/* End PBXTargetDependency section */

/* Begin XCBuildConfiguration section */
		1D6058940D05DD3E006BFB54 /* Debug */ = {
			isa = XCBuildConfiguration;
			buildSettings = {
				ALWAYS_SEARCH_USER_PATHS = YES;
				CODE_SIGN_IDENTITY = "iPhone Developer";
				COMPRESS_PNG_FILES = NO;
				DEVELOPMENT_TEAM = V6W552WXTY;
				ENABLE_BITCODE = NO;
				FRAMEWORK_SEARCH_PATHS = (
					"$(inherited)",
					"$(SRCROOT)/../cocos2d/cocos/platform/ios",
					"$(SRCROOT)/../Classes/Components/__platforms/ios/MyAds/AdMob",
				);
				GCC_DYNAMIC_NO_PIC = NO;
				GCC_INLINES_ARE_PRIVATE_EXTERN = NO;
				GCC_PRECOMPILE_PREFIX_HEADER = YES;
				GCC_PREFIX_HEADER = ios/Prefix.pch;
				GCC_PREPROCESSOR_DEFINITIONS = (
					USE_FILE32API,
					"COCOS2D_DEBUG=1",
					"CC_ENABLE_CHIPMUNK_INTEGRATION=1",
				);
				GCC_SYMBOLS_PRIVATE_EXTERN = NO;
				HEADER_SEARCH_PATHS = "$(inherited)";
				INFOPLIST_FILE = ios/Info.plist;
				IPHONEOS_DEPLOYMENT_TARGET = 6.0;
				LIBRARY_SEARCH_PATHS = "";
				OTHER_LDFLAGS = (
					"$(_COCOS_LIB_IOS_BEGIN)",
					"$(_COCOS_LIB_IOS_END)",
				);
				SDKROOT = iphoneos;
				STRIP_PNG_TEXT = NO;
				TARGETED_DEVICE_FAMILY = "1,2";
				USER_HEADER_SEARCH_PATHS = "$(_COCOS_HEADER_IOS_BEGIN) $(_COCOS_HEADER_IOS_END)";
				VALID_ARCHS = "arm64 armv7";
			};
			name = Debug;
		};
		1D6058950D05DD3E006BFB54 /* Release */ = {
			isa = XCBuildConfiguration;
			buildSettings = {
				ALWAYS_SEARCH_USER_PATHS = YES;
				CODE_SIGN_IDENTITY = "iPhone Developer";
				COMPRESS_PNG_FILES = NO;
				DEVELOPMENT_TEAM = V6W552WXTY;
				ENABLE_BITCODE = NO;
				FRAMEWORK_SEARCH_PATHS = (
					"$(inherited)",
					"$(SRCROOT)/../cocos2d/cocos/platform/ios",
					"$(SRCROOT)/../Classes/Components/__platforms/ios/MyAds/AdMob",
				);
				GCC_INLINES_ARE_PRIVATE_EXTERN = NO;
				GCC_PRECOMPILE_PREFIX_HEADER = YES;
				GCC_PREFIX_HEADER = ios/Prefix.pch;
				GCC_PREPROCESSOR_DEFINITIONS = (
					USE_FILE32API,
					"CC_ENABLE_CHIPMUNK_INTEGRATION=1",
					NDEBUG,
				);
				GCC_SYMBOLS_PRIVATE_EXTERN = NO;
				HEADER_SEARCH_PATHS = "$(inherited)";
				INFOPLIST_FILE = ios/Info.plist;
				IPHONEOS_DEPLOYMENT_TARGET = 6.0;
				LIBRARY_SEARCH_PATHS = "";
				OTHER_LDFLAGS = (
					"$(_COCOS_LIB_IOS_BEGIN)",
					"$(_COCOS_LIB_IOS_END)",
				);
				SDKROOT = iphoneos;
				STRIP_PNG_TEXT = NO;
				TARGETED_DEVICE_FAMILY = "1,2";
				USER_HEADER_SEARCH_PATHS = "$(_COCOS_HEADER_IOS_BEGIN) $(_COCOS_HEADER_IOS_END)";
				VALID_ARCHS = "arm64 armv7";
			};
			name = Release;
		};
		5087E76D17EB910900C73F5D /* Debug */ = {
			isa = XCBuildConfiguration;
			buildSettings = {
				ALWAYS_SEARCH_USER_PATHS = YES;
				ARCHS = "$(ARCHS_STANDARD_64_BIT)";
				CLANG_CXX_LANGUAGE_STANDARD = "c++0x";
				CLANG_CXX_LIBRARY = "libc++";
				GCC_DYNAMIC_NO_PIC = NO;
				GCC_INLINES_ARE_PRIVATE_EXTERN = NO;
				GCC_PRECOMPILE_PREFIX_HEADER = YES;
				GCC_PREFIX_HEADER = mac/Prefix.pch;
				GCC_PREPROCESSOR_DEFINITIONS = (
					USE_FILE32API,
					"COCOS2D_DEBUG=1",
					"CC_ENABLE_CHIPMUNK_INTEGRATION=1",
				);
				GCC_SYMBOLS_PRIVATE_EXTERN = NO;
				HEADER_SEARCH_PATHS = (
					"$(inherited)",
					"$(SRCROOT)/../cocos2d/external/glfw3/include/mac",
				);
				INFOPLIST_FILE = mac/Info.plist;
				LIBRARY_SEARCH_PATHS = "";
				OTHER_LDFLAGS = (
					"$(_COCOS_LIB_MAC_BEGIN)",
					"$(_COCOS_LIB_MAC_END)",
				);
				USER_HEADER_SEARCH_PATHS = "$(_COCOS_HEADER_MAC_BEGIN) $(_COCOS_HEADER_MAC_END)";
			};
			name = Debug;
		};
		5087E76E17EB910900C73F5D /* Release */ = {
			isa = XCBuildConfiguration;
			buildSettings = {
				ALWAYS_SEARCH_USER_PATHS = YES;
				ARCHS = "$(ARCHS_STANDARD_64_BIT)";
				CLANG_CXX_LANGUAGE_STANDARD = "c++0x";
				CLANG_CXX_LIBRARY = "libc++";
				GCC_INLINES_ARE_PRIVATE_EXTERN = NO;
				GCC_PRECOMPILE_PREFIX_HEADER = YES;
				GCC_PREFIX_HEADER = mac/Prefix.pch;
				GCC_PREPROCESSOR_DEFINITIONS = (
					USE_FILE32API,
					"CC_ENABLE_CHIPMUNK_INTEGRATION=1",
					NDEBUG,
				);
				GCC_SYMBOLS_PRIVATE_EXTERN = NO;
				HEADER_SEARCH_PATHS = (
					"$(inherited)",
					"$(SRCROOT)/../cocos2d/external/glfw3/include/mac",
				);
				INFOPLIST_FILE = mac/Info.plist;
				LIBRARY_SEARCH_PATHS = "";
				OTHER_LDFLAGS = (
					"$(_COCOS_LIB_MAC_BEGIN)",
					"$(_COCOS_LIB_MAC_END)",
				);
				USER_HEADER_SEARCH_PATHS = "$(_COCOS_HEADER_MAC_BEGIN) $(_COCOS_HEADER_MAC_END)";
			};
			name = Release;
		};
		C01FCF4F08A954540054247B /* Debug */ = {
			isa = XCBuildConfiguration;
			buildSettings = {
				CLANG_CXX_LANGUAGE_STANDARD = "c++0x";
				CLANG_CXX_LIBRARY = "libc++";
				COPY_PHASE_STRIP = NO;
				GCC_OPTIMIZATION_LEVEL = 0;
				GCC_WARN_ABOUT_RETURN_TYPE = YES;
				GCC_WARN_UNUSED_VARIABLE = YES;
				HEADER_SEARCH_PATHS = (
					"$(SRCROOT)/../cocos2d",
					"$(SRCROOT)/../cocos2d/cocos/audio/include",
					"$(SRCROOT)/../cocos2d/cocos",
					"$(SRCROOT)/../cocos2d/extensions",
					"$(SRCROOT)/../cocos2d/external",
					"$(SRCROOT)/../cocos2d/external/chipmunk/include/chipmunk",
				);
				IPHONEOS_DEPLOYMENT_TARGET = 6.0;
				MACOSX_DEPLOYMENT_TARGET = 10.7;
				ONLY_ACTIVE_ARCH = YES;
				PRODUCT_NAME = "$(TARGET_NAME)";
				SDKROOT = macosx;
			};
			name = Debug;
		};
		C01FCF5008A954540054247B /* Release */ = {
			isa = XCBuildConfiguration;
			buildSettings = {
				CLANG_CXX_LANGUAGE_STANDARD = "c++0x";
				CLANG_CXX_LIBRARY = "libc++";
				GCC_WARN_ABOUT_RETURN_TYPE = YES;
				GCC_WARN_UNUSED_VARIABLE = YES;
				HEADER_SEARCH_PATHS = (
					"$(SRCROOT)/../cocos2d",
					"$(SRCROOT)/../cocos2d/cocos/audio/include",
					"$(SRCROOT)/../cocos2d/cocos",
					"$(SRCROOT)/../cocos2d/extensions",
					"$(SRCROOT)/../cocos2d/external",
					"$(SRCROOT)/../cocos2d/external/chipmunk/include/chipmunk",
				);
				IPHONEOS_DEPLOYMENT_TARGET = 6.0;
				MACOSX_DEPLOYMENT_TARGET = 10.7;
				OTHER_CFLAGS = "-DNS_BLOCK_ASSERTIONS=1";
				PRODUCT_NAME = "$(TARGET_NAME)";
				SDKROOT = macosx;
				VALIDATE_PRODUCT = YES;
			};
			name = Release;
		};
/* End XCBuildConfiguration section */

/* Begin XCConfigurationList section */
		1D6058960D05DD3E006BFB54 /* Build configuration list for PBXNativeTarget "FindTheDot-mobile" */ = {
			isa = XCConfigurationList;
			buildConfigurations = (
				1D6058940D05DD3E006BFB54 /* Debug */,
				1D6058950D05DD3E006BFB54 /* Release */,
			);
			defaultConfigurationIsVisible = 0;
			defaultConfigurationName = Debug;
		};
		5087E76C17EB910900C73F5D /* Build configuration list for PBXNativeTarget "FindTheDot-desktop" */ = {
			isa = XCConfigurationList;
			buildConfigurations = (
				5087E76D17EB910900C73F5D /* Debug */,
				5087E76E17EB910900C73F5D /* Release */,
			);
			defaultConfigurationIsVisible = 0;
			defaultConfigurationName = Debug;
		};
		C01FCF4E08A954540054247B /* Build configuration list for PBXProject "FindTheDot" */ = {
			isa = XCConfigurationList;
			buildConfigurations = (
				C01FCF4F08A954540054247B /* Debug */,
				C01FCF5008A954540054247B /* Release */,
			);
			defaultConfigurationIsVisible = 0;
			defaultConfigurationName = Debug;
		};
/* End XCConfigurationList section */
	};
	rootObject = 29B97313FDCFA39411CA2CEA /* Project object */;
}
